// !$*UTF8*$!
{
	archiveVersion = 1;
	classes = {
	};
	objectVersion = 50;
	objects = {

/* Begin PBXBuildFile section */
		9444E64E24673137006B6215 /* StorageLocation+CoreDataClass.swift in Sources */ = {isa = PBXBuildFile; fileRef = 9444E64A24673137006B6215 /* StorageLocation+CoreDataClass.swift */; };
		9444E64F24673137006B6215 /* StorageLocation+CoreDataProperties.swift in Sources */ = {isa = PBXBuildFile; fileRef = 9444E64B24673137006B6215 /* StorageLocation+CoreDataProperties.swift */; };
		9444E65024673137006B6215 /* FoodItem+CoreDataClass.swift in Sources */ = {isa = PBXBuildFile; fileRef = 9444E64C24673137006B6215 /* FoodItem+CoreDataClass.swift */; };
		9444E65124673137006B6215 /* FoodItem+CoreDataProperties.swift in Sources */ = {isa = PBXBuildFile; fileRef = 9444E64D24673137006B6215 /* FoodItem+CoreDataProperties.swift */; };
		94598D112458E22700456333 /* AppDelegate.swift in Sources */ = {isa = PBXBuildFile; fileRef = 94598D102458E22700456333 /* AppDelegate.swift */; };
		94598D132458E22700456333 /* SceneDelegate.swift in Sources */ = {isa = PBXBuildFile; fileRef = 94598D122458E22700456333 /* SceneDelegate.swift */; };
		94598D162458E22700456333 /* Refrigerator.xcdatamodeld in Sources */ = {isa = PBXBuildFile; fileRef = 94598D142458E22700456333 /* Refrigerator.xcdatamodeld */; };
		94598D1A2458E23000456333 /* Assets.xcassets in Resources */ = {isa = PBXBuildFile; fileRef = 94598D192458E23000456333 /* Assets.xcassets */; };
		94598D1D2458E23000456333 /* Preview Assets.xcassets in Resources */ = {isa = PBXBuildFile; fileRef = 94598D1C2458E23000456333 /* Preview Assets.xcassets */; };
		94598D202458E23000456333 /* LaunchScreen.storyboard in Resources */ = {isa = PBXBuildFile; fileRef = 94598D1E2458E23000456333 /* LaunchScreen.storyboard */; };
		94598D2B2458E23100456333 /* RefrigeratorTests.swift in Sources */ = {isa = PBXBuildFile; fileRef = 94598D2A2458E23100456333 /* RefrigeratorTests.swift */; };
		94598D362458E23100456333 /* RefrigeratorUITests.swift in Sources */ = {isa = PBXBuildFile; fileRef = 94598D352458E23100456333 /* RefrigeratorUITests.swift */; };
		946A6D15245E09E0006845CC /* RefrigeratorView.swift in Sources */ = {isa = PBXBuildFile; fileRef = 946A6D0B245E09DF006845CC /* RefrigeratorView.swift */; };
		946A6D16245E09E0006845CC /* Models.swift in Sources */ = {isa = PBXBuildFile; fileRef = 946A6D0C245E09DF006845CC /* Models.swift */; };
		946A6D17245E09E0006845CC /* TabBarView.swift in Sources */ = {isa = PBXBuildFile; fileRef = 946A6D0D245E09DF006845CC /* TabBarView.swift */; };
		946A6D18245E09E0006845CC /* ProgressView.swift in Sources */ = {isa = PBXBuildFile; fileRef = 946A6D0E245E09DF006845CC /* ProgressView.swift */; };
		946A6D19245E09E0006845CC /* HomeView.swift in Sources */ = {isa = PBXBuildFile; fileRef = 946A6D0F245E09DF006845CC /* HomeView.swift */; };
		946A6D1A245E09E0006845CC /* SeeMoreView.swift in Sources */ = {isa = PBXBuildFile; fileRef = 946A6D10245E09E0006845CC /* SeeMoreView.swift */; };
		946A6D1B245E09E0006845CC /* RefrigeratorItemCell.swift in Sources */ = {isa = PBXBuildFile; fileRef = 946A6D11245E09E0006845CC /* RefrigeratorItemCell.swift */; };
		946A6D1C245E09E0006845CC /* ShoppingListCell.swift in Sources */ = {isa = PBXBuildFile; fileRef = 946A6D12245E09E0006845CC /* ShoppingListCell.swift */; };
		946A6D1D245E09E0006845CC /* FunFactCell.swift in Sources */ = {isa = PBXBuildFile; fileRef = 946A6D13245E09E0006845CC /* FunFactCell.swift */; };
		946A6D1E245E09E0006845CC /* RefrigeratorViewModel.swift in Sources */ = {isa = PBXBuildFile; fileRef = 946A6D14245E09E0006845CC /* RefrigeratorViewModel.swift */; };
		946C5693245A1D75007C2986 /* LaunchView1.swift in Sources */ = {isa = PBXBuildFile; fileRef = 946C5692245A1D75007C2986 /* LaunchView1.swift */; };
		946C5695245A20D3007C2986 /* LaunchView3.swift in Sources */ = {isa = PBXBuildFile; fileRef = 946C5694245A20D3007C2986 /* LaunchView3.swift */; };
		946C5697245A20E2007C2986 /* LaunchView4.swift in Sources */ = {isa = PBXBuildFile; fileRef = 946C5696245A20E2007C2986 /* LaunchView4.swift */; };
		946C5699245A20F7007C2986 /* LaunchView2.swift in Sources */ = {isa = PBXBuildFile; fileRef = 946C5698245A20F7007C2986 /* LaunchView2.swift */; };
		946C569B245A2104007C2986 /* LaunchView5.swift in Sources */ = {isa = PBXBuildFile; fileRef = 946C569A245A2104007C2986 /* LaunchView5.swift */; };
		9470A49E2461E508006CBC6F /* AddToStorageItemSheet.swift in Sources */ = {isa = PBXBuildFile; fileRef = 9470A49D2461E508006CBC6F /* AddToStorageItemSheet.swift */; };
		9470A4A02461F107006CBC6F /* IndivisualRefrigeratorView.swift in Sources */ = {isa = PBXBuildFile; fileRef = 9470A49F2461F107006CBC6F /* IndivisualRefrigeratorView.swift */; };
		9470A4A22461F649006CBC6F /* AddFoodItemSheet.swift in Sources */ = {isa = PBXBuildFile; fileRef = 9470A4A12461F649006CBC6F /* AddFoodItemSheet.swift */; };
		9481FA302460B24B00633558 /* StorageLocationCell.swift in Sources */ = {isa = PBXBuildFile; fileRef = 9481FA2F2460B24B00633558 /* StorageLocationCell.swift */; };
		948BCDFA245E7EBD00ED10A2 /* PremiumView.swift in Sources */ = {isa = PBXBuildFile; fileRef = 948BCDF9245E7EBD00ED10A2 /* PremiumView.swift */; };
		948BCDFC245E7F4E00ED10A2 /* AboutDialougView.swift in Sources */ = {isa = PBXBuildFile; fileRef = 948BCDFB245E7F4E00ED10A2 /* AboutDialougView.swift */; };
		948BCDFE245F0DBB00ED10A2 /* AddToShoppingListSheet.swift in Sources */ = {isa = PBXBuildFile; fileRef = 948BCDFD245F0DBB00ED10A2 /* AddToShoppingListSheet.swift */; };
/* End PBXBuildFile section */

/* Begin PBXContainerItemProxy section */
		94598D272458E23100456333 /* PBXContainerItemProxy */ = {
			isa = PBXContainerItemProxy;
			containerPortal = 94598D052458E22700456333 /* Project object */;
			proxyType = 1;
			remoteGlobalIDString = 94598D0C2458E22700456333;
			remoteInfo = Refrigerator;
		};
		94598D322458E23100456333 /* PBXContainerItemProxy */ = {
			isa = PBXContainerItemProxy;
			containerPortal = 94598D052458E22700456333 /* Project object */;
			proxyType = 1;
			remoteGlobalIDString = 94598D0C2458E22700456333;
			remoteInfo = Refrigerator;
		};
/* End PBXContainerItemProxy section */

/* Begin PBXFileReference section */
		9444E64A24673137006B6215 /* StorageLocation+CoreDataClass.swift */ = {isa = PBXFileReference; lastKnownFileType = sourcecode.swift; path = "StorageLocation+CoreDataClass.swift"; sourceTree = "<group>"; };
		9444E64B24673137006B6215 /* StorageLocation+CoreDataProperties.swift */ = {isa = PBXFileReference; lastKnownFileType = sourcecode.swift; path = "StorageLocation+CoreDataProperties.swift"; sourceTree = "<group>"; };
		9444E64C24673137006B6215 /* FoodItem+CoreDataClass.swift */ = {isa = PBXFileReference; lastKnownFileType = sourcecode.swift; path = "FoodItem+CoreDataClass.swift"; sourceTree = "<group>"; };
		9444E64D24673137006B6215 /* FoodItem+CoreDataProperties.swift */ = {isa = PBXFileReference; lastKnownFileType = sourcecode.swift; path = "FoodItem+CoreDataProperties.swift"; sourceTree = "<group>"; };
		94598D0D2458E22700456333 /* Refrigerator.app */ = {isa = PBXFileReference; explicitFileType = wrapper.application; includeInIndex = 0; path = Refrigerator.app; sourceTree = BUILT_PRODUCTS_DIR; };
		94598D102458E22700456333 /* AppDelegate.swift */ = {isa = PBXFileReference; lastKnownFileType = sourcecode.swift; path = AppDelegate.swift; sourceTree = "<group>"; };
		94598D122458E22700456333 /* SceneDelegate.swift */ = {isa = PBXFileReference; lastKnownFileType = sourcecode.swift; path = SceneDelegate.swift; sourceTree = "<group>"; };
		94598D152458E22700456333 /* Refrigerator.xcdatamodel */ = {isa = PBXFileReference; lastKnownFileType = wrapper.xcdatamodel; path = Refrigerator.xcdatamodel; sourceTree = "<group>"; };
		94598D192458E23000456333 /* Assets.xcassets */ = {isa = PBXFileReference; lastKnownFileType = folder.assetcatalog; path = Assets.xcassets; sourceTree = "<group>"; };
		94598D1C2458E23000456333 /* Preview Assets.xcassets */ = {isa = PBXFileReference; lastKnownFileType = folder.assetcatalog; path = "Preview Assets.xcassets"; sourceTree = "<group>"; };
		94598D1F2458E23000456333 /* Base */ = {isa = PBXFileReference; lastKnownFileType = file.storyboard; name = Base; path = Base.lproj/LaunchScreen.storyboard; sourceTree = "<group>"; };
		94598D212458E23000456333 /* Info.plist */ = {isa = PBXFileReference; lastKnownFileType = text.plist.xml; path = Info.plist; sourceTree = "<group>"; };
		94598D262458E23100456333 /* RefrigeratorTests.xctest */ = {isa = PBXFileReference; explicitFileType = wrapper.cfbundle; includeInIndex = 0; path = RefrigeratorTests.xctest; sourceTree = BUILT_PRODUCTS_DIR; };
		94598D2A2458E23100456333 /* RefrigeratorTests.swift */ = {isa = PBXFileReference; lastKnownFileType = sourcecode.swift; path = RefrigeratorTests.swift; sourceTree = "<group>"; };
		94598D2C2458E23100456333 /* Info.plist */ = {isa = PBXFileReference; lastKnownFileType = text.plist.xml; path = Info.plist; sourceTree = "<group>"; };
		94598D312458E23100456333 /* RefrigeratorUITests.xctest */ = {isa = PBXFileReference; explicitFileType = wrapper.cfbundle; includeInIndex = 0; path = RefrigeratorUITests.xctest; sourceTree = BUILT_PRODUCTS_DIR; };
		94598D352458E23100456333 /* RefrigeratorUITests.swift */ = {isa = PBXFileReference; lastKnownFileType = sourcecode.swift; path = RefrigeratorUITests.swift; sourceTree = "<group>"; };
		94598D372458E23100456333 /* Info.plist */ = {isa = PBXFileReference; lastKnownFileType = text.plist.xml; path = Info.plist; sourceTree = "<group>"; };
		946A6D0B245E09DF006845CC /* RefrigeratorView.swift */ = {isa = PBXFileReference; fileEncoding = 4; lastKnownFileType = sourcecode.swift; path = RefrigeratorView.swift; sourceTree = "<group>"; };
		946A6D0C245E09DF006845CC /* Models.swift */ = {isa = PBXFileReference; fileEncoding = 4; lastKnownFileType = sourcecode.swift; path = Models.swift; sourceTree = "<group>"; };
		946A6D0D245E09DF006845CC /* TabBarView.swift */ = {isa = PBXFileReference; fileEncoding = 4; lastKnownFileType = sourcecode.swift; path = TabBarView.swift; sourceTree = "<group>"; };
		946A6D0E245E09DF006845CC /* ProgressView.swift */ = {isa = PBXFileReference; fileEncoding = 4; lastKnownFileType = sourcecode.swift; path = ProgressView.swift; sourceTree = "<group>"; };
		946A6D0F245E09DF006845CC /* HomeView.swift */ = {isa = PBXFileReference; fileEncoding = 4; lastKnownFileType = sourcecode.swift; path = HomeView.swift; sourceTree = "<group>"; };
		946A6D10245E09E0006845CC /* SeeMoreView.swift */ = {isa = PBXFileReference; fileEncoding = 4; lastKnownFileType = sourcecode.swift; path = SeeMoreView.swift; sourceTree = "<group>"; };
		946A6D11245E09E0006845CC /* RefrigeratorItemCell.swift */ = {isa = PBXFileReference; fileEncoding = 4; lastKnownFileType = sourcecode.swift; path = RefrigeratorItemCell.swift; sourceTree = "<group>"; };
		946A6D12245E09E0006845CC /* ShoppingListCell.swift */ = {isa = PBXFileReference; fileEncoding = 4; lastKnownFileType = sourcecode.swift; path = ShoppingListCell.swift; sourceTree = "<group>"; };
		946A6D13245E09E0006845CC /* FunFactCell.swift */ = {isa = PBXFileReference; fileEncoding = 4; lastKnownFileType = sourcecode.swift; path = FunFactCell.swift; sourceTree = "<group>"; };
		946A6D14245E09E0006845CC /* RefrigeratorViewModel.swift */ = {isa = PBXFileReference; fileEncoding = 4; lastKnownFileType = sourcecode.swift; path = RefrigeratorViewModel.swift; sourceTree = "<group>"; };
		946C5692245A1D75007C2986 /* LaunchView1.swift */ = {isa = PBXFileReference; lastKnownFileType = sourcecode.swift; path = LaunchView1.swift; sourceTree = "<group>"; };
		946C5694245A20D3007C2986 /* LaunchView3.swift */ = {isa = PBXFileReference; lastKnownFileType = sourcecode.swift; path = LaunchView3.swift; sourceTree = "<group>"; };
		946C5696245A20E2007C2986 /* LaunchView4.swift */ = {isa = PBXFileReference; lastKnownFileType = sourcecode.swift; path = LaunchView4.swift; sourceTree = "<group>"; };
		946C5698245A20F7007C2986 /* LaunchView2.swift */ = {isa = PBXFileReference; lastKnownFileType = sourcecode.swift; path = LaunchView2.swift; sourceTree = "<group>"; };
		946C569A245A2104007C2986 /* LaunchView5.swift */ = {isa = PBXFileReference; lastKnownFileType = sourcecode.swift; path = LaunchView5.swift; sourceTree = "<group>"; };
		9470A49D2461E508006CBC6F /* AddToStorageItemSheet.swift */ = {isa = PBXFileReference; lastKnownFileType = sourcecode.swift; path = AddToStorageItemSheet.swift; sourceTree = "<group>"; };
		9470A49F2461F107006CBC6F /* IndivisualRefrigeratorView.swift */ = {isa = PBXFileReference; lastKnownFileType = sourcecode.swift; path = IndivisualRefrigeratorView.swift; sourceTree = "<group>"; };
		9470A4A12461F649006CBC6F /* AddFoodItemSheet.swift */ = {isa = PBXFileReference; lastKnownFileType = sourcecode.swift; path = AddFoodItemSheet.swift; sourceTree = "<group>"; };
		9481FA2F2460B24B00633558 /* StorageLocationCell.swift */ = {isa = PBXFileReference; lastKnownFileType = sourcecode.swift; path = StorageLocationCell.swift; sourceTree = "<group>"; };
		948BCDF9245E7EBD00ED10A2 /* PremiumView.swift */ = {isa = PBXFileReference; lastKnownFileType = sourcecode.swift; path = PremiumView.swift; sourceTree = "<group>"; };
		948BCDFB245E7F4E00ED10A2 /* AboutDialougView.swift */ = {isa = PBXFileReference; lastKnownFileType = sourcecode.swift; path = AboutDialougView.swift; sourceTree = "<group>"; };
		948BCDFD245F0DBB00ED10A2 /* AddToShoppingListSheet.swift */ = {isa = PBXFileReference; lastKnownFileType = sourcecode.swift; path = AddToShoppingListSheet.swift; sourceTree = "<group>"; };
/* End PBXFileReference section */

/* Begin PBXFrameworksBuildPhase section */
		94598D0A2458E22700456333 /* Frameworks */ = {
			isa = PBXFrameworksBuildPhase;
			buildActionMask = 2147483647;
			files = (
			);
			runOnlyForDeploymentPostprocessing = 0;
		};
		94598D232458E23100456333 /* Frameworks */ = {
			isa = PBXFrameworksBuildPhase;
			buildActionMask = 2147483647;
			files = (
			);
			runOnlyForDeploymentPostprocessing = 0;
		};
		94598D2E2458E23100456333 /* Frameworks */ = {
			isa = PBXFrameworksBuildPhase;
			buildActionMask = 2147483647;
			files = (
			);
			runOnlyForDeploymentPostprocessing = 0;
		};
/* End PBXFrameworksBuildPhase section */

/* Begin PBXGroup section */
		9444E65224673145006B6215 /* CoreData */ = {
			isa = PBXGroup;
			children = (
				9444E64A24673137006B6215 /* StorageLocation+CoreDataClass.swift */,
				9444E64B24673137006B6215 /* StorageLocation+CoreDataProperties.swift */,
				9444E64C24673137006B6215 /* FoodItem+CoreDataClass.swift */,
				9444E64D24673137006B6215 /* FoodItem+CoreDataProperties.swift */,
			);
			path = CoreData;
			sourceTree = "<group>";
		};
		94598D042458E22700456333 = {
			isa = PBXGroup;
			children = (
				94598D0F2458E22700456333 /* Refrigerator */,
				94598D292458E23100456333 /* RefrigeratorTests */,
				94598D342458E23100456333 /* RefrigeratorUITests */,
				94598D0E2458E22700456333 /* Products */,
			);
			sourceTree = "<group>";
		};
		94598D0E2458E22700456333 /* Products */ = {
			isa = PBXGroup;
			children = (
				94598D0D2458E22700456333 /* Refrigerator.app */,
				94598D262458E23100456333 /* RefrigeratorTests.xctest */,
				94598D312458E23100456333 /* RefrigeratorUITests.xctest */,
			);
			name = Products;
			sourceTree = "<group>";
		};
		94598D0F2458E22700456333 /* Refrigerator */ = {
			isa = PBXGroup;
			children = (
				9444E65224673145006B6215 /* CoreData */,
				946A6D21245E0A15006845CC /* System Delegates */,
				946A6D22245E0A1C006845CC /* Views */,
				946A6D23245E0A22006845CC /* SupportingViews */,
				946A6D24245E0A2E006845CC /* Models and ViewModels */,
				94EA3D37245B5D03001FCB5A /* LaunchViews */,
				94598D192458E23000456333 /* Assets.xcassets */,
				94598D1E2458E23000456333 /* LaunchScreen.storyboard */,
				94598D212458E23000456333 /* Info.plist */,
				94598D142458E22700456333 /* Refrigerator.xcdatamodeld */,
				94598D1B2458E23000456333 /* Preview Content */,
			);
			path = Refrigerator;
			sourceTree = "<group>";
		};
		94598D1B2458E23000456333 /* Preview Content */ = {
			isa = PBXGroup;
			children = (
				94598D1C2458E23000456333 /* Preview Assets.xcassets */,
			);
			path = "Preview Content";
			sourceTree = "<group>";
		};
		94598D292458E23100456333 /* RefrigeratorTests */ = {
			isa = PBXGroup;
			children = (
				94598D2A2458E23100456333 /* RefrigeratorTests.swift */,
				94598D2C2458E23100456333 /* Info.plist */,
			);
			path = RefrigeratorTests;
			sourceTree = "<group>";
		};
		94598D342458E23100456333 /* RefrigeratorUITests */ = {
			isa = PBXGroup;
			children = (
				94598D352458E23100456333 /* RefrigeratorUITests.swift */,
				94598D372458E23100456333 /* Info.plist */,
			);
			path = RefrigeratorUITests;
			sourceTree = "<group>";
		};
		946A6D21245E0A15006845CC /* System Delegates */ = {
			isa = PBXGroup;
			children = (
				94598D102458E22700456333 /* AppDelegate.swift */,
				94598D122458E22700456333 /* SceneDelegate.swift */,
			);
			path = "System Delegates";
			sourceTree = "<group>";
		};
		946A6D22245E0A1C006845CC /* Views */ = {
			isa = PBXGroup;
			children = (
				946A6D0F245E09DF006845CC /* HomeView.swift */,
				948BCDFB245E7F4E00ED10A2 /* AboutDialougView.swift */,
				948BCDF9245E7EBD00ED10A2 /* PremiumView.swift */,
				946A6D0E245E09DF006845CC /* ProgressView.swift */,
				946A6D0D245E09DF006845CC /* TabBarView.swift */,
				946A6D10245E09E0006845CC /* SeeMoreView.swift */,
				946A6D0B245E09DF006845CC /* RefrigeratorView.swift */,
				9470A49F2461F107006CBC6F /* IndivisualRefrigeratorView.swift */,
			);
			path = Views;
			sourceTree = "<group>";
		};
		946A6D23245E0A22006845CC /* SupportingViews */ = {
			isa = PBXGroup;
			children = (
				9481FA2F2460B24B00633558 /* StorageLocationCell.swift */,
				948BCDFD245F0DBB00ED10A2 /* AddToShoppingListSheet.swift */,
				9470A49D2461E508006CBC6F /* AddToStorageItemSheet.swift */,
				9470A4A12461F649006CBC6F /* AddFoodItemSheet.swift */,
				946A6D13245E09E0006845CC /* FunFactCell.swift */,
				946A6D12245E09E0006845CC /* ShoppingListCell.swift */,
				946A6D11245E09E0006845CC /* RefrigeratorItemCell.swift */,
			);
			path = SupportingViews;
			sourceTree = "<group>";
		};
		946A6D24245E0A2E006845CC /* Models and ViewModels */ = {
			isa = PBXGroup;
			children = (
				946A6D0C245E09DF006845CC /* Models.swift */,
				946A6D14245E09E0006845CC /* RefrigeratorViewModel.swift */,
			);
			path = "Models and ViewModels";
			sourceTree = "<group>";
		};
		94EA3D37245B5D03001FCB5A /* LaunchViews */ = {
			isa = PBXGroup;
			children = (
				946C5692245A1D75007C2986 /* LaunchView1.swift */,
				946C5698245A20F7007C2986 /* LaunchView2.swift */,
				946C5694245A20D3007C2986 /* LaunchView3.swift */,
				946C5696245A20E2007C2986 /* LaunchView4.swift */,
				946C569A245A2104007C2986 /* LaunchView5.swift */,
			);
			path = LaunchViews;
			sourceTree = "<group>";
		};
/* End PBXGroup section */

/* Begin PBXNativeTarget section */
		94598D0C2458E22700456333 /* Refrigerator */ = {
			isa = PBXNativeTarget;
			buildConfigurationList = 94598D3A2458E23100456333 /* Build configuration list for PBXNativeTarget "Refrigerator" */;
			buildPhases = (
				94598D092458E22700456333 /* Sources */,
				94598D0A2458E22700456333 /* Frameworks */,
				94598D0B2458E22700456333 /* Resources */,
			);
			buildRules = (
			);
			dependencies = (
			);
			name = Refrigerator;
			productName = Refrigerator;
			productReference = 94598D0D2458E22700456333 /* Refrigerator.app */;
			productType = "com.apple.product-type.application";
		};
		94598D252458E23100456333 /* RefrigeratorTests */ = {
			isa = PBXNativeTarget;
			buildConfigurationList = 94598D3D2458E23100456333 /* Build configuration list for PBXNativeTarget "RefrigeratorTests" */;
			buildPhases = (
				94598D222458E23100456333 /* Sources */,
				94598D232458E23100456333 /* Frameworks */,
				94598D242458E23100456333 /* Resources */,
			);
			buildRules = (
			);
			dependencies = (
				94598D282458E23100456333 /* PBXTargetDependency */,
			);
			name = RefrigeratorTests;
			productName = RefrigeratorTests;
			productReference = 94598D262458E23100456333 /* RefrigeratorTests.xctest */;
			productType = "com.apple.product-type.bundle.unit-test";
		};
		94598D302458E23100456333 /* RefrigeratorUITests */ = {
			isa = PBXNativeTarget;
			buildConfigurationList = 94598D402458E23100456333 /* Build configuration list for PBXNativeTarget "RefrigeratorUITests" */;
			buildPhases = (
				94598D2D2458E23100456333 /* Sources */,
				94598D2E2458E23100456333 /* Frameworks */,
				94598D2F2458E23100456333 /* Resources */,
			);
			buildRules = (
			);
			dependencies = (
				94598D332458E23100456333 /* PBXTargetDependency */,
			);
			name = RefrigeratorUITests;
			productName = RefrigeratorUITests;
			productReference = 94598D312458E23100456333 /* RefrigeratorUITests.xctest */;
			productType = "com.apple.product-type.bundle.ui-testing";
		};
/* End PBXNativeTarget section */

/* Begin PBXProject section */
		94598D052458E22700456333 /* Project object */ = {
			isa = PBXProject;
			attributes = {
				LastSwiftUpdateCheck = 1140;
				LastUpgradeCheck = 1140;
				ORGANIZATIONNAME = "Ryan Du";
				TargetAttributes = {
					94598D0C2458E22700456333 = {
						CreatedOnToolsVersion = 11.4;
					};
					94598D252458E23100456333 = {
						CreatedOnToolsVersion = 11.4;
						TestTargetID = 94598D0C2458E22700456333;
					};
					94598D302458E23100456333 = {
						CreatedOnToolsVersion = 11.4;
						TestTargetID = 94598D0C2458E22700456333;
					};
				};
			};
			buildConfigurationList = 94598D082458E22700456333 /* Build configuration list for PBXProject "Refrigerator" */;
			compatibilityVersion = "Xcode 9.3";
			developmentRegion = en;
			hasScannedForEncodings = 0;
			knownRegions = (
				en,
				Base,
			);
			mainGroup = 94598D042458E22700456333;
			productRefGroup = 94598D0E2458E22700456333 /* Products */;
			projectDirPath = "";
			projectRoot = "";
			targets = (
				94598D0C2458E22700456333 /* Refrigerator */,
				94598D252458E23100456333 /* RefrigeratorTests */,
				94598D302458E23100456333 /* RefrigeratorUITests */,
			);
		};
/* End PBXProject section */

/* Begin PBXResourcesBuildPhase section */
		94598D0B2458E22700456333 /* Resources */ = {
			isa = PBXResourcesBuildPhase;
			buildActionMask = 2147483647;
			files = (
				94598D202458E23000456333 /* LaunchScreen.storyboard in Resources */,
				94598D1D2458E23000456333 /* Preview Assets.xcassets in Resources */,
				94598D1A2458E23000456333 /* Assets.xcassets in Resources */,
			);
			runOnlyForDeploymentPostprocessing = 0;
		};
		94598D242458E23100456333 /* Resources */ = {
			isa = PBXResourcesBuildPhase;
			buildActionMask = 2147483647;
			files = (
			);
			runOnlyForDeploymentPostprocessing = 0;
		};
		94598D2F2458E23100456333 /* Resources */ = {
			isa = PBXResourcesBuildPhase;
			buildActionMask = 2147483647;
			files = (
			);
			runOnlyForDeploymentPostprocessing = 0;
		};
/* End PBXResourcesBuildPhase section */

/* Begin PBXSourcesBuildPhase section */
		94598D092458E22700456333 /* Sources */ = {
			isa = PBXSourcesBuildPhase;
			buildActionMask = 2147483647;
			files = (
				9481FA302460B24B00633558 /* StorageLocationCell.swift in Sources */,
				948BCDFC245E7F4E00ED10A2 /* AboutDialougView.swift in Sources */,
				94598D112458E22700456333 /* AppDelegate.swift in Sources */,
				946A6D1B245E09E0006845CC /* RefrigeratorItemCell.swift in Sources */,
				9444E64E24673137006B6215 /* StorageLocation+CoreDataClass.swift in Sources */,
				946A6D17245E09E0006845CC /* TabBarView.swift in Sources */,
				946A6D19245E09E0006845CC /* HomeView.swift in Sources */,
				946C569B245A2104007C2986 /* LaunchView5.swift in Sources */,
				946A6D1C245E09E0006845CC /* ShoppingListCell.swift in Sources */,
				946C5697245A20E2007C2986 /* LaunchView4.swift in Sources */,
				94598D162458E22700456333 /* Refrigerator.xcdatamodeld in Sources */,
				946A6D18245E09E0006845CC /* ProgressView.swift in Sources */,
				946C5693245A1D75007C2986 /* LaunchView1.swift in Sources */,
				9470A4A02461F107006CBC6F /* IndivisualRefrigeratorView.swift in Sources */,
				946A6D1E245E09E0006845CC /* RefrigeratorViewModel.swift in Sources */,
				946C5695245A20D3007C2986 /* LaunchView3.swift in Sources */,
				9444E65124673137006B6215 /* FoodItem+CoreDataProperties.swift in Sources */,
				948BCDFA245E7EBD00ED10A2 /* PremiumView.swift in Sources */,
				9470A4A22461F649006CBC6F /* AddFoodItemSheet.swift in Sources */,
				9444E65024673137006B6215 /* FoodItem+CoreDataClass.swift in Sources */,
				946A6D15245E09E0006845CC /* RefrigeratorView.swift in Sources */,
				946C5699245A20F7007C2986 /* LaunchView2.swift in Sources */,
				946A6D1A245E09E0006845CC /* SeeMoreView.swift in Sources */,
				946A6D1D245E09E0006845CC /* FunFactCell.swift in Sources */,
				94598D132458E22700456333 /* SceneDelegate.swift in Sources */,
				9444E64F24673137006B6215 /* StorageLocation+CoreDataProperties.swift in Sources */,
				948BCDFE245F0DBB00ED10A2 /* AddToShoppingListSheet.swift in Sources */,
				9470A49E2461E508006CBC6F /* AddToStorageItemSheet.swift in Sources */,
				946A6D16245E09E0006845CC /* Models.swift in Sources */,
			);
			runOnlyForDeploymentPostprocessing = 0;
		};
		94598D222458E23100456333 /* Sources */ = {
			isa = PBXSourcesBuildPhase;
			buildActionMask = 2147483647;
			files = (
				94598D2B2458E23100456333 /* RefrigeratorTests.swift in Sources */,
			);
			runOnlyForDeploymentPostprocessing = 0;
		};
		94598D2D2458E23100456333 /* Sources */ = {
			isa = PBXSourcesBuildPhase;
			buildActionMask = 2147483647;
			files = (
				94598D362458E23100456333 /* RefrigeratorUITests.swift in Sources */,
			);
			runOnlyForDeploymentPostprocessing = 0;
		};
/* End PBXSourcesBuildPhase section */

/* Begin PBXTargetDependency section */
		94598D282458E23100456333 /* PBXTargetDependency */ = {
			isa = PBXTargetDependency;
			target = 94598D0C2458E22700456333 /* Refrigerator */;
			targetProxy = 94598D272458E23100456333 /* PBXContainerItemProxy */;
		};
		94598D332458E23100456333 /* PBXTargetDependency */ = {
			isa = PBXTargetDependency;
			target = 94598D0C2458E22700456333 /* Refrigerator */;
			targetProxy = 94598D322458E23100456333 /* PBXContainerItemProxy */;
		};
/* End PBXTargetDependency section */

/* Begin PBXVariantGroup section */
		94598D1E2458E23000456333 /* LaunchScreen.storyboard */ = {
			isa = PBXVariantGroup;
			children = (
				94598D1F2458E23000456333 /* Base */,
			);
			name = LaunchScreen.storyboard;
			sourceTree = "<group>";
		};
/* End PBXVariantGroup section */

/* Begin XCBuildConfiguration section */
		94598D382458E23100456333 /* Debug */ = {
			isa = XCBuildConfiguration;
			buildSettings = {
				ALWAYS_SEARCH_USER_PATHS = NO;
				CLANG_ANALYZER_NONNULL = YES;
				CLANG_ANALYZER_NUMBER_OBJECT_CONVERSION = YES_AGGRESSIVE;
				CLANG_CXX_LANGUAGE_STANDARD = "gnu++14";
				CLANG_CXX_LIBRARY = "libc++";
				CLANG_ENABLE_MODULES = YES;
				CLANG_ENABLE_OBJC_ARC = YES;
				CLANG_ENABLE_OBJC_WEAK = YES;
				CLANG_WARN_BLOCK_CAPTURE_AUTORELEASING = YES;
				CLANG_WARN_BOOL_CONVERSION = YES;
				CLANG_WARN_COMMA = YES;
				CLANG_WARN_CONSTANT_CONVERSION = YES;
				CLANG_WARN_DEPRECATED_OBJC_IMPLEMENTATIONS = YES;
				CLANG_WARN_DIRECT_OBJC_ISA_USAGE = YES_ERROR;
				CLANG_WARN_DOCUMENTATION_COMMENTS = YES;
				CLANG_WARN_EMPTY_BODY = YES;
				CLANG_WARN_ENUM_CONVERSION = YES;
				CLANG_WARN_INFINITE_RECURSION = YES;
				CLANG_WARN_INT_CONVERSION = YES;
				CLANG_WARN_NON_LITERAL_NULL_CONVERSION = YES;
				CLANG_WARN_OBJC_IMPLICIT_RETAIN_SELF = YES;
				CLANG_WARN_OBJC_LITERAL_CONVERSION = YES;
				CLANG_WARN_OBJC_ROOT_CLASS = YES_ERROR;
				CLANG_WARN_RANGE_LOOP_ANALYSIS = YES;
				CLANG_WARN_STRICT_PROTOTYPES = YES;
				CLANG_WARN_SUSPICIOUS_MOVE = YES;
				CLANG_WARN_UNGUARDED_AVAILABILITY = YES_AGGRESSIVE;
				CLANG_WARN_UNREACHABLE_CODE = YES;
				CLANG_WARN__DUPLICATE_METHOD_MATCH = YES;
				COPY_PHASE_STRIP = NO;
				DEBUG_INFORMATION_FORMAT = dwarf;
				ENABLE_STRICT_OBJC_MSGSEND = YES;
				ENABLE_TESTABILITY = YES;
				GCC_C_LANGUAGE_STANDARD = gnu11;
				GCC_DYNAMIC_NO_PIC = NO;
				GCC_NO_COMMON_BLOCKS = YES;
				GCC_OPTIMIZATION_LEVEL = 0;
				GCC_PREPROCESSOR_DEFINITIONS = (
					"DEBUG=1",
					"$(inherited)",
				);
				GCC_WARN_64_TO_32_BIT_CONVERSION = YES;
				GCC_WARN_ABOUT_RETURN_TYPE = YES_ERROR;
				GCC_WARN_UNDECLARED_SELECTOR = YES;
				GCC_WARN_UNINITIALIZED_AUTOS = YES_AGGRESSIVE;
				GCC_WARN_UNUSED_FUNCTION = YES;
				GCC_WARN_UNUSED_VARIABLE = YES;
				IPHONEOS_DEPLOYMENT_TARGET = 13.4;
				MTL_ENABLE_DEBUG_INFO = INCLUDE_SOURCE;
				MTL_FAST_MATH = YES;
				ONLY_ACTIVE_ARCH = YES;
				SDKROOT = iphoneos;
				SWIFT_ACTIVE_COMPILATION_CONDITIONS = DEBUG;
				SWIFT_OPTIMIZATION_LEVEL = "-Onone";
			};
			name = Debug;
		};
		94598D392458E23100456333 /* Release */ = {
			isa = XCBuildConfiguration;
			buildSettings = {
				ALWAYS_SEARCH_USER_PATHS = NO;
				CLANG_ANALYZER_NONNULL = YES;
				CLANG_ANALYZER_NUMBER_OBJECT_CONVERSION = YES_AGGRESSIVE;
				CLANG_CXX_LANGUAGE_STANDARD = "gnu++14";
				CLANG_CXX_LIBRARY = "libc++";
				CLANG_ENABLE_MODULES = YES;
				CLANG_ENABLE_OBJC_ARC = YES;
				CLANG_ENABLE_OBJC_WEAK = YES;
				CLANG_WARN_BLOCK_CAPTURE_AUTORELEASING = YES;
				CLANG_WARN_BOOL_CONVERSION = YES;
				CLANG_WARN_COMMA = YES;
				CLANG_WARN_CONSTANT_CONVERSION = YES;
				CLANG_WARN_DEPRECATED_OBJC_IMPLEMENTATIONS = YES;
				CLANG_WARN_DIRECT_OBJC_ISA_USAGE = YES_ERROR;
				CLANG_WARN_DOCUMENTATION_COMMENTS = YES;
				CLANG_WARN_EMPTY_BODY = YES;
				CLANG_WARN_ENUM_CONVERSION = YES;
				CLANG_WARN_INFINITE_RECURSION = YES;
				CLANG_WARN_INT_CONVERSION = YES;
				CLANG_WARN_NON_LITERAL_NULL_CONVERSION = YES;
				CLANG_WARN_OBJC_IMPLICIT_RETAIN_SELF = YES;
				CLANG_WARN_OBJC_LITERAL_CONVERSION = YES;
				CLANG_WARN_OBJC_ROOT_CLASS = YES_ERROR;
				CLANG_WARN_RANGE_LOOP_ANALYSIS = YES;
				CLANG_WARN_STRICT_PROTOTYPES = YES;
				CLANG_WARN_SUSPICIOUS_MOVE = YES;
				CLANG_WARN_UNGUARDED_AVAILABILITY = YES_AGGRESSIVE;
				CLANG_WARN_UNREACHABLE_CODE = YES;
				CLANG_WARN__DUPLICATE_METHOD_MATCH = YES;
				COPY_PHASE_STRIP = NO;
				DEBUG_INFORMATION_FORMAT = "dwarf-with-dsym";
				ENABLE_NS_ASSERTIONS = NO;
				ENABLE_STRICT_OBJC_MSGSEND = YES;
				GCC_C_LANGUAGE_STANDARD = gnu11;
				GCC_NO_COMMON_BLOCKS = YES;
				GCC_WARN_64_TO_32_BIT_CONVERSION = YES;
				GCC_WARN_ABOUT_RETURN_TYPE = YES_ERROR;
				GCC_WARN_UNDECLARED_SELECTOR = YES;
				GCC_WARN_UNINITIALIZED_AUTOS = YES_AGGRESSIVE;
				GCC_WARN_UNUSED_FUNCTION = YES;
				GCC_WARN_UNUSED_VARIABLE = YES;
				IPHONEOS_DEPLOYMENT_TARGET = 13.4;
				MTL_ENABLE_DEBUG_INFO = NO;
				MTL_FAST_MATH = YES;
				SDKROOT = iphoneos;
				SWIFT_COMPILATION_MODE = wholemodule;
				SWIFT_OPTIMIZATION_LEVEL = "-O";
				VALIDATE_PRODUCT = YES;
			};
			name = Release;
		};
		94598D3B2458E23100456333 /* Debug */ = {
			isa = XCBuildConfiguration;
			buildSettings = {
				ASSETCATALOG_COMPILER_APPICON_NAME = AppIcon;
				CODE_SIGN_STYLE = Automatic;
				DEVELOPMENT_ASSET_PATHS = "\"Refrigerator/Preview Content\"";
				DEVELOPMENT_TEAM = 95566VVRBB;
				ENABLE_PREVIEWS = YES;
				INFOPLIST_FILE = Refrigerator/Info.plist;
				LD_RUNPATH_SEARCH_PATHS = (
					"$(inherited)",
					"@executable_path/Frameworks",
				);
				PRODUCT_BUNDLE_IDENTIFIER = ryandu.Refrigerator;
				PRODUCT_NAME = "$(TARGET_NAME)";
				SWIFT_VERSION = 5.0;
				TARGETED_DEVICE_FAMILY = "1,2";
			};
			name = Debug;
		};
		94598D3C2458E23100456333 /* Release */ = {
			isa = XCBuildConfiguration;
			buildSettings = {
				ASSETCATALOG_COMPILER_APPICON_NAME = AppIcon;
				CODE_SIGN_STYLE = Automatic;
				DEVELOPMENT_ASSET_PATHS = "\"Refrigerator/Preview Content\"";
				DEVELOPMENT_TEAM = 95566VVRBB;
				ENABLE_PREVIEWS = YES;
				INFOPLIST_FILE = Refrigerator/Info.plist;
				LD_RUNPATH_SEARCH_PATHS = (
					"$(inherited)",
					"@executable_path/Frameworks",
				);
				PRODUCT_BUNDLE_IDENTIFIER = ryandu.Refrigerator;
				PRODUCT_NAME = "$(TARGET_NAME)";
				SWIFT_VERSION = 5.0;
				TARGETED_DEVICE_FAMILY = "1,2";
			};
			name = Release;
		};
		94598D3E2458E23100456333 /* Debug */ = {
			isa = XCBuildConfiguration;
			buildSettings = {
				ALWAYS_EMBED_SWIFT_STANDARD_LIBRARIES = YES;
				BUNDLE_LOADER = "$(TEST_HOST)";
				CODE_SIGN_STYLE = Automatic;
				DEVELOPMENT_TEAM = 95566VVRBB;
				INFOPLIST_FILE = RefrigeratorTests/Info.plist;
				IPHONEOS_DEPLOYMENT_TARGET = 13.4;
				LD_RUNPATH_SEARCH_PATHS = (
					"$(inherited)",
					"@executable_path/Frameworks",
					"@loader_path/Frameworks",
				);
				PRODUCT_BUNDLE_IDENTIFIER = ryandu.RefrigeratorTests;
				PRODUCT_NAME = "$(TARGET_NAME)";
				SWIFT_VERSION = 5.0;
				TARGETED_DEVICE_FAMILY = "1,2";
				TEST_HOST = "$(BUILT_PRODUCTS_DIR)/Refrigerator.app/Refrigerator";
			};
			name = Debug;
		};
		94598D3F2458E23100456333 /* Release */ = {
			isa = XCBuildConfiguration;
			buildSettings = {
				ALWAYS_EMBED_SWIFT_STANDARD_LIBRARIES = YES;
				BUNDLE_LOADER = "$(TEST_HOST)";
				CODE_SIGN_STYLE = Automatic;
				DEVELOPMENT_TEAM = 95566VVRBB;
				INFOPLIST_FILE = RefrigeratorTests/Info.plist;
				IPHONEOS_DEPLOYMENT_TARGET = 13.4;
				LD_RUNPATH_SEARCH_PATHS = (
					"$(inherited)",
					"@executable_path/Frameworks",
					"@loader_path/Frameworks",
				);
				PRODUCT_BUNDLE_IDENTIFIER = ryandu.RefrigeratorTests;
				PRODUCT_NAME = "$(TARGET_NAME)";
				SWIFT_VERSION = 5.0;
				TARGETED_DEVICE_FAMILY = "1,2";
				TEST_HOST = "$(BUILT_PRODUCTS_DIR)/Refrigerator.app/Refrigerator";
			};
			name = Release;
		};
		94598D412458E23100456333 /* Debug */ = {
			isa = XCBuildConfiguration;
			buildSettings = {
				ALWAYS_EMBED_SWIFT_STANDARD_LIBRARIES = YES;
				CODE_SIGN_STYLE = Automatic;
				DEVELOPMENT_TEAM = 95566VVRBB;
				INFOPLIST_FILE = RefrigeratorUITests/Info.plist;
				LD_RUNPATH_SEARCH_PATHS = (
					"$(inherited)",
					"@executable_path/Frameworks",
					"@loader_path/Frameworks",
				);
				PRODUCT_BUNDLE_IDENTIFIER = ryandu.RefrigeratorUITests;
				PRODUCT_NAME = "$(TARGET_NAME)";
				SWIFT_VERSION = 5.0;
				TARGETED_DEVICE_FAMILY = "1,2";
				TEST_TARGET_NAME = Refrigerator;
			};
			name = Debug;
		};
		94598D422458E23100456333 /* Release */ = {
			isa = XCBuildConfiguration;
			buildSettings = {
				ALWAYS_EMBED_SWIFT_STANDARD_LIBRARIES = YES;
				CODE_SIGN_STYLE = Automatic;
				DEVELOPMENT_TEAM = 95566VVRBB;
				INFOPLIST_FILE = RefrigeratorUITests/Info.plist;
				LD_RUNPATH_SEARCH_PATHS = (
					"$(inherited)",
					"@executable_path/Frameworks",
					"@loader_path/Frameworks",
				);
				PRODUCT_BUNDLE_IDENTIFIER = ryandu.RefrigeratorUITests;
				PRODUCT_NAME = "$(TARGET_NAME)";
				SWIFT_VERSION = 5.0;
				TARGETED_DEVICE_FAMILY = "1,2";
				TEST_TARGET_NAME = Refrigerator;
			};
			name = Release;
		};
/* End XCBuildConfiguration section */

/* Begin XCConfigurationList section */
		94598D082458E22700456333 /* Build configuration list for PBXProject "Refrigerator" */ = {
			isa = XCConfigurationList;
			buildConfigurations = (
				94598D382458E23100456333 /* Debug */,
				94598D392458E23100456333 /* Release */,
			);
			defaultConfigurationIsVisible = 0;
			defaultConfigurationName = Release;
		};
		94598D3A2458E23100456333 /* Build configuration list for PBXNativeTarget "Refrigerator" */ = {
			isa = XCConfigurationList;
			buildConfigurations = (
				94598D3B2458E23100456333 /* Debug */,
				94598D3C2458E23100456333 /* Release */,
			);
			defaultConfigurationIsVisible = 0;
			defaultConfigurationName = Release;
		};
		94598D3D2458E23100456333 /* Build configuration list for PBXNativeTarget "RefrigeratorTests" */ = {
			isa = XCConfigurationList;
			buildConfigurations = (
				94598D3E2458E23100456333 /* Debug */,
				94598D3F2458E23100456333 /* Release */,
			);
			defaultConfigurationIsVisible = 0;
			defaultConfigurationName = Release;
		};
		94598D402458E23100456333 /* Build configuration list for PBXNativeTarget "RefrigeratorUITests" */ = {
			isa = XCConfigurationList;
			buildConfigurations = (
				94598D412458E23100456333 /* Debug */,
				94598D422458E23100456333 /* Release */,
			);
			defaultConfigurationIsVisible = 0;
			defaultConfigurationName = Release;
		};
/* End XCConfigurationList section */

/* Begin XCVersionGroup section */
		94598D142458E22700456333 /* Refrigerator.xcdatamodeld */ = {
			isa = XCVersionGroup;
			children = (
				94598D152458E22700456333 /* Refrigerator.xcdatamodel */,
			);
			currentVersion = 94598D152458E22700456333 /* Refrigerator.xcdatamodel */;
			path = Refrigerator.xcdatamodeld;
			sourceTree = "<group>";
			versionGroupType = wrapper.xcdatamodel;
		};
/* End XCVersionGroup section */
	};
	rootObject = 94598D052458E22700456333 /* Project object */;
}
