// !$*UTF8*$!
{
	archiveVersion = 1;
	classes = {
	};
	objectVersion = 52;
	objects = {

/* Begin PBXBuildFile section */
		301289F3775FA76A077D8D3E /* Pods_RefrigeratorTests.framework in Frameworks */ = {isa = PBXBuildFile; fileRef = 08456528A27BC24789159CAB /* Pods_RefrigeratorTests.framework */; };
		498E6863E409DC5A997811A5 /* Pods_Refrigerator_RefrigeratorUITests.framework in Frameworks */ = {isa = PBXBuildFile; fileRef = 1677FF8B1FF5DE65F960D0BF /* Pods_Refrigerator_RefrigeratorUITests.framework */; };
		6BC3E3E935E6A2F9201172EA /* Pods_Refrigerator.framework in Frameworks */ = {isa = PBXBuildFile; fileRef = 80C4032977C3A5BFB255F727 /* Pods_Refrigerator.framework */; };
		8C2AAFFD24F9D5DD009AF53F /* FoodPlanner+CoreDataClass.swift in Sources */ = {isa = PBXBuildFile; fileRef = 8C2AAFF724F9D5DC009AF53F /* FoodPlanner+CoreDataClass.swift */; };
		8C2AAFFE24F9D5DD009AF53F /* FoodPlannerMeal+CoreDataClass.swift in Sources */ = {isa = PBXBuildFile; fileRef = 8C2AAFF824F9D5DC009AF53F /* FoodPlannerMeal+CoreDataClass.swift */; };
		8C2AAFFF24F9D5DD009AF53F /* FoodPlanner+CoreDataProperties.swift in Sources */ = {isa = PBXBuildFile; fileRef = 8C2AAFF924F9D5DC009AF53F /* FoodPlanner+CoreDataProperties.swift */; };
		8C2AB00024F9D5DD009AF53F /* MealItem+CoreDataClass.swift in Sources */ = {isa = PBXBuildFile; fileRef = 8C2AAFFA24F9D5DC009AF53F /* MealItem+CoreDataClass.swift */; };
		8C2AB00124F9D5DD009AF53F /* MealItem+CoreDataProperties.swift in Sources */ = {isa = PBXBuildFile; fileRef = 8C2AAFFB24F9D5DD009AF53F /* MealItem+CoreDataProperties.swift */; };
		8C2AB00224F9D5DD009AF53F /* FoodPlannerMeal+CoreDataProperties.swift in Sources */ = {isa = PBXBuildFile; fileRef = 8C2AAFFC24F9D5DD009AF53F /* FoodPlannerMeal+CoreDataProperties.swift */; };
		8C2AB00424F9E7C9009AF53F /* GoogleService-Info.plist in Resources */ = {isa = PBXBuildFile; fileRef = 8C2AB00324F9E7C9009AF53F /* GoogleService-Info.plist */; };
		940F7F3D24C21DFE006076AA /* MealCell.swift in Sources */ = {isa = PBXBuildFile; fileRef = 940F7F3C24C21DFE006076AA /* MealCell.swift */; };
		940F7F3F24C23204006076AA /* FoodPlannerCellView.swift in Sources */ = {isa = PBXBuildFile; fileRef = 940F7F3E24C23204006076AA /* FoodPlannerCellView.swift */; };
		940F7F4524C23925006076AA /* AddFoodItemToPlannerSheet.swift in Sources */ = {isa = PBXBuildFile; fileRef = 940F7F4424C23925006076AA /* AddFoodItemToPlannerSheet.swift */; };
		940F7F4B24C25FE9006076AA /* StorageCellFoodPlannerSelection.swift in Sources */ = {isa = PBXBuildFile; fileRef = 940F7F4A24C25FE9006076AA /* StorageCellFoodPlannerSelection.swift */; };
		940F7F4D24C279E7006076AA /* FoodItemCellFoodPlannerSelection.swift in Sources */ = {isa = PBXBuildFile; fileRef = 940F7F4C24C279E7006076AA /* FoodItemCellFoodPlannerSelection.swift */; };
		94311DF424C387AB00F8671B /* EditCustomMealSheet.swift in Sources */ = {isa = PBXBuildFile; fileRef = 94311DF324C387AB00F8671B /* EditCustomMealSheet.swift */; };
		94311DF724C3A85D00F8671B /* SF-Compact-Display-Regular.otf in Resources */ = {isa = PBXBuildFile; fileRef = 940F7F4824C2445B006076AA /* SF-Compact-Display-Regular.otf */; };
		94311DF824C3A85D00F8671B /* SFProDisplayRegular.otf in Resources */ = {isa = PBXBuildFile; fileRef = 940F7F4624C24432006076AA /* SFProDisplayRegular.otf */; };
		94311DFB24C3A9C500F8671B /* SF-Pro-Display-Bold.otf in Resources */ = {isa = PBXBuildFile; fileRef = 94311DF924C3A95A00F8671B /* SF-Pro-Display-Bold.otf */; };
		94311DFC24C3A9C900F8671B /* SF-Pro-Display-Thin.otf in Resources */ = {isa = PBXBuildFile; fileRef = 94311DFA24C3A95C00F8671B /* SF-Pro-Display-Thin.otf */; };
		94311DFE24C3AB0D00F8671B /* SF-Compact-Text-Thin.otf in Resources */ = {isa = PBXBuildFile; fileRef = 94311DFD24C3AB0600F8671B /* SF-Compact-Text-Thin.otf */; };
		94311E0024C3BF3600F8671B /* CloudKit.framework in Frameworks */ = {isa = PBXBuildFile; fileRef = 94311DFF24C3BF3600F8671B /* CloudKit.framework */; };
		9444E64E24673137006B6215 /* StorageLocation+CoreDataClass.swift in Sources */ = {isa = PBXBuildFile; fileRef = 9444E64A24673137006B6215 /* StorageLocation+CoreDataClass.swift */; };
		9444E64F24673137006B6215 /* StorageLocation+CoreDataProperties.swift in Sources */ = {isa = PBXBuildFile; fileRef = 9444E64B24673137006B6215 /* StorageLocation+CoreDataProperties.swift */; };
		9444E65024673137006B6215 /* FoodItem+CoreDataClass.swift in Sources */ = {isa = PBXBuildFile; fileRef = 9444E64C24673137006B6215 /* FoodItem+CoreDataClass.swift */; };
		9444E65124673137006B6215 /* FoodItem+CoreDataProperties.swift in Sources */ = {isa = PBXBuildFile; fileRef = 9444E64D24673137006B6215 /* FoodItem+CoreDataProperties.swift */; };
		94598D112458E22700456333 /* AppDelegate.swift in Sources */ = {isa = PBXBuildFile; fileRef = 94598D102458E22700456333 /* AppDelegate.swift */; };
		94598D132458E22700456333 /* SceneDelegate.swift in Sources */ = {isa = PBXBuildFile; fileRef = 94598D122458E22700456333 /* SceneDelegate.swift */; };
		94598D162458E22700456333 /* Refrigerator.xcdatamodeld in Sources */ = {isa = PBXBuildFile; fileRef = 94598D142458E22700456333 /* Refrigerator.xcdatamodeld */; };
		94598D1A2458E23000456333 /* Assets.xcassets in Resources */ = {isa = PBXBuildFile; fileRef = 94598D192458E23000456333 /* Assets.xcassets */; };
		94598D1D2458E23000456333 /* Preview Assets.xcassets in Resources */ = {isa = PBXBuildFile; fileRef = 94598D1C2458E23000456333 /* Preview Assets.xcassets */; };
		94598D202458E23000456333 /* LaunchScreen.storyboard in Resources */ = {isa = PBXBuildFile; fileRef = 94598D1E2458E23000456333 /* LaunchScreen.storyboard */; };
		94598D2B2458E23100456333 /* RefrigeratorTests.swift in Sources */ = {isa = PBXBuildFile; fileRef = 94598D2A2458E23100456333 /* RefrigeratorTests.swift */; };
		94598D362458E23100456333 /* RefrigeratorUITests.swift in Sources */ = {isa = PBXBuildFile; fileRef = 94598D352458E23100456333 /* RefrigeratorUITests.swift */; };
		9467D07024D061000058B89F /* StoreKit.framework in Frameworks */ = {isa = PBXBuildFile; fileRef = 9467D06F24D061000058B89F /* StoreKit.framework */; };
		946A6D15245E09E0006845CC /* RefrigeratorView.swift in Sources */ = {isa = PBXBuildFile; fileRef = 946A6D0B245E09DF006845CC /* RefrigeratorView.swift */; };
		946A6D16245E09E0006845CC /* Models.swift in Sources */ = {isa = PBXBuildFile; fileRef = 946A6D0C245E09DF006845CC /* Models.swift */; };
		946A6D17245E09E0006845CC /* TabBarView.swift in Sources */ = {isa = PBXBuildFile; fileRef = 946A6D0D245E09DF006845CC /* TabBarView.swift */; };
		946A6D18245E09E0006845CC /* SettingsView.swift in Sources */ = {isa = PBXBuildFile; fileRef = 946A6D0E245E09DF006845CC /* SettingsView.swift */; };
		946A6D19245E09E0006845CC /* HomeView.swift in Sources */ = {isa = PBXBuildFile; fileRef = 946A6D0F245E09DF006845CC /* HomeView.swift */; };
		946A6D1A245E09E0006845CC /* SeeMoreView.swift in Sources */ = {isa = PBXBuildFile; fileRef = 946A6D10245E09E0006845CC /* SeeMoreView.swift */; };
		946A6D1B245E09E0006845CC /* RefrigeratorItemCell.swift in Sources */ = {isa = PBXBuildFile; fileRef = 946A6D11245E09E0006845CC /* RefrigeratorItemCell.swift */; };
		946A6D1C245E09E0006845CC /* ShoppingListCell.swift in Sources */ = {isa = PBXBuildFile; fileRef = 946A6D12245E09E0006845CC /* ShoppingListCell.swift */; };
		946A6D1D245E09E0006845CC /* FunFactCell.swift in Sources */ = {isa = PBXBuildFile; fileRef = 946A6D13245E09E0006845CC /* FunFactCell.swift */; };
		946A6D1E245E09E0006845CC /* RefrigeratorViewModel.swift in Sources */ = {isa = PBXBuildFile; fileRef = 946A6D14245E09E0006845CC /* RefrigeratorViewModel.swift */; };
		946C5693245A1D75007C2986 /* LaunchView1.swift in Sources */ = {isa = PBXBuildFile; fileRef = 946C5692245A1D75007C2986 /* LaunchView1.swift */; };
		946C5695245A20D3007C2986 /* LaunchView3.swift in Sources */ = {isa = PBXBuildFile; fileRef = 946C5694245A20D3007C2986 /* LaunchView3.swift */; };
		946C5697245A20E2007C2986 /* LaunchView4.swift in Sources */ = {isa = PBXBuildFile; fileRef = 946C5696245A20E2007C2986 /* LaunchView4.swift */; };
		946C569B245A2104007C2986 /* LaunchView5.swift in Sources */ = {isa = PBXBuildFile; fileRef = 946C569A245A2104007C2986 /* LaunchView5.swift */; };
		946D065D24C796B7006D74EC /* IpadSidebarView.swift in Sources */ = {isa = PBXBuildFile; fileRef = 946D065C24C796B7006D74EC /* IpadSidebarView.swift */; };
		9470A49E2461E508006CBC6F /* AddToStorageItemSheet.swift in Sources */ = {isa = PBXBuildFile; fileRef = 9470A49D2461E508006CBC6F /* AddToStorageItemSheet.swift */; };
		9470A4A02461F107006CBC6F /* IndivisualRefrigeratorView.swift in Sources */ = {isa = PBXBuildFile; fileRef = 9470A49F2461F107006CBC6F /* IndivisualRefrigeratorView.swift */; };
		9470A4A22461F649006CBC6F /* AddFoodItemSheet.swift in Sources */ = {isa = PBXBuildFile; fileRef = 9470A4A12461F649006CBC6F /* AddFoodItemSheet.swift */; };
		9473C70924C0DC91008BB219 /* StreakCell.swift in Sources */ = {isa = PBXBuildFile; fileRef = 9473C70824C0DC91008BB219 /* StreakCell.swift */; };
		9473C70F24C12FC1008BB219 /* FoodPlannerView.swift in Sources */ = {isa = PBXBuildFile; fileRef = 9473C70E24C12FC1008BB219 /* FoodPlannerView.swift */; };
		9481FA302460B24B00633558 /* StorageLocationCell.swift in Sources */ = {isa = PBXBuildFile; fileRef = 9481FA2F2460B24B00633558 /* StorageLocationCell.swift */; };
		9482EE2B2476FF8800704674 /* detectItemCell.swift in Sources */ = {isa = PBXBuildFile; fileRef = 9482EE2A2476FF8800704674 /* detectItemCell.swift */; };
		9482EE2E2479A5B400704674 /* ShoppingList+CoreDataClass.swift in Sources */ = {isa = PBXBuildFile; fileRef = 9482EE2C2479A5B400704674 /* ShoppingList+CoreDataClass.swift */; };
		9482EE2F2479A5B400704674 /* ShoppingList+CoreDataProperties.swift in Sources */ = {isa = PBXBuildFile; fileRef = 9482EE2D2479A5B400704674 /* ShoppingList+CoreDataProperties.swift */; };
		9486CC8124CA646A008B94E2 /* IAPHelper.swift in Sources */ = {isa = PBXBuildFile; fileRef = 9486CC8024CA6469008B94E2 /* IAPHelper.swift */; };
		9486CC8324CA6643008B94E2 /* PremiumView.swift in Sources */ = {isa = PBXBuildFile; fileRef = 9486CC8224CA6643008B94E2 /* PremiumView.swift */; };
		948BCDFC245E7F4E00ED10A2 /* AboutDialougView.swift in Sources */ = {isa = PBXBuildFile; fileRef = 948BCDFB245E7F4E00ED10A2 /* AboutDialougView.swift */; };
		948BCDFE245F0DBB00ED10A2 /* AddToShoppingListSheet.swift in Sources */ = {isa = PBXBuildFile; fileRef = 948BCDFD245F0DBB00ED10A2 /* AddToShoppingListSheet.swift */; };
		9494314B24C4CFBC005EA24A /* AddFoodItemsListView.swift in Sources */ = {isa = PBXBuildFile; fileRef = 9494314A24C4CFBB005EA24A /* AddFoodItemsListView.swift */; };
		9494314D24C4D15B005EA24A /* AddAnyFoodItemsSheet.swift in Sources */ = {isa = PBXBuildFile; fileRef = 9494314C24C4D15B005EA24A /* AddAnyFoodItemsSheet.swift */; };
		94A2C7AD247EDC1D003DC68B /* EditFoodItemPopUpView.swift in Sources */ = {isa = PBXBuildFile; fileRef = 94A2C7AC247EDC1D003DC68B /* EditFoodItemPopUpView.swift */; };
		94A2C7AF247F06E8003DC68B /* MoveShoppingItemToStorageSheet.swift in Sources */ = {isa = PBXBuildFile; fileRef = 94A2C7AE247F06E8003DC68B /* MoveShoppingItemToStorageSheet.swift */; };
		94D7C79C24A3FD3500B6E2C5 /* AdSupport.framework in Frameworks */ = {isa = PBXBuildFile; fileRef = 94D7C79B24A3FD3500B6E2C5 /* AdSupport.framework */; };
		94DABA0D2472EDC3003CFCF1 /* ExamineRecieptView.swift in Sources */ = {isa = PBXBuildFile; fileRef = 94DABA0C2472EDC3003CFCF1 /* ExamineRecieptView.swift */; };
		94EE905324BFAD5B000C2FC2 /* DailyGoalCell.swift in Sources */ = {isa = PBXBuildFile; fileRef = 94EE905224BFAD5B000C2FC2 /* DailyGoalCell.swift */; };
/* End PBXBuildFile section */

/* Begin PBXContainerItemProxy section */
		94598D272458E23100456333 /* PBXContainerItemProxy */ = {
			isa = PBXContainerItemProxy;
			containerPortal = 94598D052458E22700456333 /* Project object */;
			proxyType = 1;
			remoteGlobalIDString = 94598D0C2458E22700456333;
			remoteInfo = Refrigerator;
		};
		94598D322458E23100456333 /* PBXContainerItemProxy */ = {
			isa = PBXContainerItemProxy;
			containerPortal = 94598D052458E22700456333 /* Project object */;
			proxyType = 1;
			remoteGlobalIDString = 94598D0C2458E22700456333;
			remoteInfo = Refrigerator;
		};
/* End PBXContainerItemProxy section */

/* Begin PBXFileReference section */
		08456528A27BC24789159CAB /* Pods_RefrigeratorTests.framework */ = {isa = PBXFileReference; explicitFileType = wrapper.framework; includeInIndex = 0; path = Pods_RefrigeratorTests.framework; sourceTree = BUILT_PRODUCTS_DIR; };
		1677FF8B1FF5DE65F960D0BF /* Pods_Refrigerator_RefrigeratorUITests.framework */ = {isa = PBXFileReference; explicitFileType = wrapper.framework; includeInIndex = 0; path = Pods_Refrigerator_RefrigeratorUITests.framework; sourceTree = BUILT_PRODUCTS_DIR; };
		2FF831B6D8ECE6604666C82E /* Pods-RefrigeratorTests.release.xcconfig */ = {isa = PBXFileReference; includeInIndex = 1; lastKnownFileType = text.xcconfig; name = "Pods-RefrigeratorTests.release.xcconfig"; path = "Target Support Files/Pods-RefrigeratorTests/Pods-RefrigeratorTests.release.xcconfig"; sourceTree = "<group>"; };
		655DA9AEEAFC739133835D2E /* Pods-Refrigerator.release.xcconfig */ = {isa = PBXFileReference; includeInIndex = 1; lastKnownFileType = text.xcconfig; name = "Pods-Refrigerator.release.xcconfig"; path = "Target Support Files/Pods-Refrigerator/Pods-Refrigerator.release.xcconfig"; sourceTree = "<group>"; };
		6C00A053BC1E1639FF81097D /* Pods-Refrigerator.debug.xcconfig */ = {isa = PBXFileReference; includeInIndex = 1; lastKnownFileType = text.xcconfig; name = "Pods-Refrigerator.debug.xcconfig"; path = "Target Support Files/Pods-Refrigerator/Pods-Refrigerator.debug.xcconfig"; sourceTree = "<group>"; };
		80C4032977C3A5BFB255F727 /* Pods_Refrigerator.framework */ = {isa = PBXFileReference; explicitFileType = wrapper.framework; includeInIndex = 0; path = Pods_Refrigerator.framework; sourceTree = BUILT_PRODUCTS_DIR; };
		833829F48B674F6F239BA209 /* Pods-Refrigerator-RefrigeratorUITests.debug.xcconfig */ = {isa = PBXFileReference; includeInIndex = 1; lastKnownFileType = text.xcconfig; name = "Pods-Refrigerator-RefrigeratorUITests.debug.xcconfig"; path = "Target Support Files/Pods-Refrigerator-RefrigeratorUITests/Pods-Refrigerator-RefrigeratorUITests.debug.xcconfig"; sourceTree = "<group>"; };
		8C2AAFF724F9D5DC009AF53F /* FoodPlanner+CoreDataClass.swift */ = {isa = PBXFileReference; fileEncoding = 4; lastKnownFileType = sourcecode.swift; path = "FoodPlanner+CoreDataClass.swift"; sourceTree = "<group>"; };
		8C2AAFF824F9D5DC009AF53F /* FoodPlannerMeal+CoreDataClass.swift */ = {isa = PBXFileReference; fileEncoding = 4; lastKnownFileType = sourcecode.swift; path = "FoodPlannerMeal+CoreDataClass.swift"; sourceTree = "<group>"; };
		8C2AAFF924F9D5DC009AF53F /* FoodPlanner+CoreDataProperties.swift */ = {isa = PBXFileReference; fileEncoding = 4; lastKnownFileType = sourcecode.swift; path = "FoodPlanner+CoreDataProperties.swift"; sourceTree = "<group>"; };
		8C2AAFFA24F9D5DC009AF53F /* MealItem+CoreDataClass.swift */ = {isa = PBXFileReference; fileEncoding = 4; lastKnownFileType = sourcecode.swift; path = "MealItem+CoreDataClass.swift"; sourceTree = "<group>"; };
		8C2AAFFB24F9D5DD009AF53F /* MealItem+CoreDataProperties.swift */ = {isa = PBXFileReference; fileEncoding = 4; lastKnownFileType = sourcecode.swift; path = "MealItem+CoreDataProperties.swift"; sourceTree = "<group>"; };
		8C2AAFFC24F9D5DD009AF53F /* FoodPlannerMeal+CoreDataProperties.swift */ = {isa = PBXFileReference; fileEncoding = 4; lastKnownFileType = sourcecode.swift; path = "FoodPlannerMeal+CoreDataProperties.swift"; sourceTree = "<group>"; };
		8C2AB00324F9E7C9009AF53F /* GoogleService-Info.plist */ = {isa = PBXFileReference; fileEncoding = 4; lastKnownFileType = text.plist.xml; name = "GoogleService-Info.plist"; path = "../../../../../../Downloads/GoogleService-Info.plist"; sourceTree = "<group>"; };
		940F7F3C24C21DFE006076AA /* MealCell.swift */ = {isa = PBXFileReference; lastKnownFileType = sourcecode.swift; path = MealCell.swift; sourceTree = "<group>"; };
		940F7F3E24C23204006076AA /* FoodPlannerCellView.swift */ = {isa = PBXFileReference; lastKnownFileType = sourcecode.swift; path = FoodPlannerCellView.swift; sourceTree = "<group>"; };
		940F7F4424C23925006076AA /* AddFoodItemToPlannerSheet.swift */ = {isa = PBXFileReference; lastKnownFileType = sourcecode.swift; path = AddFoodItemToPlannerSheet.swift; sourceTree = "<group>"; };
		940F7F4624C24432006076AA /* SFProDisplayRegular.otf */ = {isa = PBXFileReference; lastKnownFileType = file; path = SFProDisplayRegular.otf; sourceTree = "<group>"; };
		940F7F4824C2445B006076AA /* SF-Compact-Display-Regular.otf */ = {isa = PBXFileReference; lastKnownFileType = file; path = "SF-Compact-Display-Regular.otf"; sourceTree = "<group>"; };
		940F7F4A24C25FE9006076AA /* StorageCellFoodPlannerSelection.swift */ = {isa = PBXFileReference; lastKnownFileType = sourcecode.swift; path = StorageCellFoodPlannerSelection.swift; sourceTree = "<group>"; };
		940F7F4C24C279E7006076AA /* FoodItemCellFoodPlannerSelection.swift */ = {isa = PBXFileReference; lastKnownFileType = sourcecode.swift; path = FoodItemCellFoodPlannerSelection.swift; sourceTree = "<group>"; };
		94311DF324C387AB00F8671B /* EditCustomMealSheet.swift */ = {isa = PBXFileReference; lastKnownFileType = sourcecode.swift; path = EditCustomMealSheet.swift; sourceTree = "<group>"; };
		94311DF924C3A95A00F8671B /* SF-Pro-Display-Bold.otf */ = {isa = PBXFileReference; lastKnownFileType = file; path = "SF-Pro-Display-Bold.otf"; sourceTree = "<group>"; };
		94311DFA24C3A95C00F8671B /* SF-Pro-Display-Thin.otf */ = {isa = PBXFileReference; lastKnownFileType = file; path = "SF-Pro-Display-Thin.otf"; sourceTree = "<group>"; };
		94311DFD24C3AB0600F8671B /* SF-Compact-Text-Thin.otf */ = {isa = PBXFileReference; lastKnownFileType = file; path = "SF-Compact-Text-Thin.otf"; sourceTree = "<group>"; };
		94311DFF24C3BF3600F8671B /* CloudKit.framework */ = {isa = PBXFileReference; lastKnownFileType = wrapper.framework; name = CloudKit.framework; path = System/Library/Frameworks/CloudKit.framework; sourceTree = SDKROOT; };
		943FA83B249C595100BE3A9F /* Refrigerator.entitlements */ = {isa = PBXFileReference; lastKnownFileType = text.plist.entitlements; path = Refrigerator.entitlements; sourceTree = "<group>"; };
		9444E64A24673137006B6215 /* StorageLocation+CoreDataClass.swift */ = {isa = PBXFileReference; lastKnownFileType = sourcecode.swift; path = "StorageLocation+CoreDataClass.swift"; sourceTree = "<group>"; };
		9444E64B24673137006B6215 /* StorageLocation+CoreDataProperties.swift */ = {isa = PBXFileReference; lastKnownFileType = sourcecode.swift; path = "StorageLocation+CoreDataProperties.swift"; sourceTree = "<group>"; };
		9444E64C24673137006B6215 /* FoodItem+CoreDataClass.swift */ = {isa = PBXFileReference; lastKnownFileType = sourcecode.swift; path = "FoodItem+CoreDataClass.swift"; sourceTree = "<group>"; };
		9444E64D24673137006B6215 /* FoodItem+CoreDataProperties.swift */ = {isa = PBXFileReference; lastKnownFileType = sourcecode.swift; path = "FoodItem+CoreDataProperties.swift"; sourceTree = "<group>"; };
		94598D0D2458E22700456333 /* Refrigerators.app */ = {isa = PBXFileReference; explicitFileType = wrapper.application; includeInIndex = 0; path = Refrigerators.app; sourceTree = BUILT_PRODUCTS_DIR; };
		94598D102458E22700456333 /* AppDelegate.swift */ = {isa = PBXFileReference; lastKnownFileType = sourcecode.swift; path = AppDelegate.swift; sourceTree = "<group>"; };
		94598D122458E22700456333 /* SceneDelegate.swift */ = {isa = PBXFileReference; lastKnownFileType = sourcecode.swift; path = SceneDelegate.swift; sourceTree = "<group>"; };
		94598D152458E22700456333 /* Refrigerator.xcdatamodel */ = {isa = PBXFileReference; lastKnownFileType = wrapper.xcdatamodel; path = Refrigerator.xcdatamodel; sourceTree = "<group>"; };
		94598D192458E23000456333 /* Assets.xcassets */ = {isa = PBXFileReference; lastKnownFileType = folder.assetcatalog; path = Assets.xcassets; sourceTree = "<group>"; };
		94598D1C2458E23000456333 /* Preview Assets.xcassets */ = {isa = PBXFileReference; lastKnownFileType = folder.assetcatalog; path = "Preview Assets.xcassets"; sourceTree = "<group>"; };
		94598D1F2458E23000456333 /* Base */ = {isa = PBXFileReference; lastKnownFileType = file.storyboard; name = Base; path = Base.lproj/LaunchScreen.storyboard; sourceTree = "<group>"; };
		94598D212458E23000456333 /* Info.plist */ = {isa = PBXFileReference; lastKnownFileType = text.plist.xml; path = Info.plist; sourceTree = "<group>"; };
		94598D262458E23100456333 /* RefrigeratorTests.xctest */ = {isa = PBXFileReference; explicitFileType = wrapper.cfbundle; includeInIndex = 0; path = RefrigeratorTests.xctest; sourceTree = BUILT_PRODUCTS_DIR; };
		94598D2A2458E23100456333 /* RefrigeratorTests.swift */ = {isa = PBXFileReference; lastKnownFileType = sourcecode.swift; path = RefrigeratorTests.swift; sourceTree = "<group>"; };
		94598D2C2458E23100456333 /* Info.plist */ = {isa = PBXFileReference; lastKnownFileType = text.plist.xml; path = Info.plist; sourceTree = "<group>"; };
		94598D312458E23100456333 /* RefrigeratorUITests.xctest */ = {isa = PBXFileReference; explicitFileType = wrapper.cfbundle; includeInIndex = 0; path = RefrigeratorUITests.xctest; sourceTree = BUILT_PRODUCTS_DIR; };
		94598D352458E23100456333 /* RefrigeratorUITests.swift */ = {isa = PBXFileReference; lastKnownFileType = sourcecode.swift; path = RefrigeratorUITests.swift; sourceTree = "<group>"; };
		94598D372458E23100456333 /* Info.plist */ = {isa = PBXFileReference; lastKnownFileType = text.plist.xml; path = Info.plist; sourceTree = "<group>"; };
		9467D06F24D061000058B89F /* StoreKit.framework */ = {isa = PBXFileReference; lastKnownFileType = wrapper.framework; name = StoreKit.framework; path = System/Library/Frameworks/StoreKit.framework; sourceTree = SDKROOT; };
		946A6D0B245E09DF006845CC /* RefrigeratorView.swift */ = {isa = PBXFileReference; fileEncoding = 4; lastKnownFileType = sourcecode.swift; path = RefrigeratorView.swift; sourceTree = "<group>"; };
		946A6D0C245E09DF006845CC /* Models.swift */ = {isa = PBXFileReference; fileEncoding = 4; lastKnownFileType = sourcecode.swift; path = Models.swift; sourceTree = "<group>"; };
		946A6D0D245E09DF006845CC /* TabBarView.swift */ = {isa = PBXFileReference; fileEncoding = 4; lastKnownFileType = sourcecode.swift; path = TabBarView.swift; sourceTree = "<group>"; };
		946A6D0E245E09DF006845CC /* SettingsView.swift */ = {isa = PBXFileReference; fileEncoding = 4; lastKnownFileType = sourcecode.swift; path = SettingsView.swift; sourceTree = "<group>"; };
		946A6D0F245E09DF006845CC /* HomeView.swift */ = {isa = PBXFileReference; fileEncoding = 4; lastKnownFileType = sourcecode.swift; path = HomeView.swift; sourceTree = "<group>"; };
		946A6D10245E09E0006845CC /* SeeMoreView.swift */ = {isa = PBXFileReference; fileEncoding = 4; lastKnownFileType = sourcecode.swift; path = SeeMoreView.swift; sourceTree = "<group>"; };
		946A6D11245E09E0006845CC /* RefrigeratorItemCell.swift */ = {isa = PBXFileReference; fileEncoding = 4; lastKnownFileType = sourcecode.swift; path = RefrigeratorItemCell.swift; sourceTree = "<group>"; };
		946A6D12245E09E0006845CC /* ShoppingListCell.swift */ = {isa = PBXFileReference; fileEncoding = 4; lastKnownFileType = sourcecode.swift; path = ShoppingListCell.swift; sourceTree = "<group>"; };
		946A6D13245E09E0006845CC /* FunFactCell.swift */ = {isa = PBXFileReference; fileEncoding = 4; lastKnownFileType = sourcecode.swift; path = FunFactCell.swift; sourceTree = "<group>"; };
		946A6D14245E09E0006845CC /* RefrigeratorViewModel.swift */ = {isa = PBXFileReference; fileEncoding = 4; lastKnownFileType = sourcecode.swift; path = RefrigeratorViewModel.swift; sourceTree = "<group>"; };
		946C5692245A1D75007C2986 /* LaunchView1.swift */ = {isa = PBXFileReference; lastKnownFileType = sourcecode.swift; path = LaunchView1.swift; sourceTree = "<group>"; };
		946C5694245A20D3007C2986 /* LaunchView3.swift */ = {isa = PBXFileReference; lastKnownFileType = sourcecode.swift; path = LaunchView3.swift; sourceTree = "<group>"; };
		946C5696245A20E2007C2986 /* LaunchView4.swift */ = {isa = PBXFileReference; lastKnownFileType = sourcecode.swift; path = LaunchView4.swift; sourceTree = "<group>"; };
		946C569A245A2104007C2986 /* LaunchView5.swift */ = {isa = PBXFileReference; lastKnownFileType = sourcecode.swift; path = LaunchView5.swift; sourceTree = "<group>"; };
		946D065C24C796B7006D74EC /* IpadSidebarView.swift */ = {isa = PBXFileReference; lastKnownFileType = sourcecode.swift; path = IpadSidebarView.swift; sourceTree = "<group>"; };
		9470A49D2461E508006CBC6F /* AddToStorageItemSheet.swift */ = {isa = PBXFileReference; lastKnownFileType = sourcecode.swift; path = AddToStorageItemSheet.swift; sourceTree = "<group>"; };
		9470A49F2461F107006CBC6F /* IndivisualRefrigeratorView.swift */ = {isa = PBXFileReference; lastKnownFileType = sourcecode.swift; path = IndivisualRefrigeratorView.swift; sourceTree = "<group>"; };
		9470A4A12461F649006CBC6F /* AddFoodItemSheet.swift */ = {isa = PBXFileReference; lastKnownFileType = sourcecode.swift; path = AddFoodItemSheet.swift; sourceTree = "<group>"; };
		9473C70824C0DC91008BB219 /* StreakCell.swift */ = {isa = PBXFileReference; lastKnownFileType = sourcecode.swift; path = StreakCell.swift; sourceTree = "<group>"; };
		9473C70E24C12FC1008BB219 /* FoodPlannerView.swift */ = {isa = PBXFileReference; lastKnownFileType = sourcecode.swift; path = FoodPlannerView.swift; sourceTree = "<group>"; xcLanguageSpecificationIdentifier = xcode.lang.swift; };
		9481FA2F2460B24B00633558 /* StorageLocationCell.swift */ = {isa = PBXFileReference; lastKnownFileType = sourcecode.swift; path = StorageLocationCell.swift; sourceTree = "<group>"; };
		9482EE2A2476FF8800704674 /* detectItemCell.swift */ = {isa = PBXFileReference; lastKnownFileType = sourcecode.swift; path = detectItemCell.swift; sourceTree = "<group>"; };
		9482EE2C2479A5B400704674 /* ShoppingList+CoreDataClass.swift */ = {isa = PBXFileReference; lastKnownFileType = sourcecode.swift; path = "ShoppingList+CoreDataClass.swift"; sourceTree = "<group>"; };
		9482EE2D2479A5B400704674 /* ShoppingList+CoreDataProperties.swift */ = {isa = PBXFileReference; lastKnownFileType = sourcecode.swift; path = "ShoppingList+CoreDataProperties.swift"; sourceTree = "<group>"; };
		9486CC8024CA6469008B94E2 /* IAPHelper.swift */ = {isa = PBXFileReference; fileEncoding = 4; lastKnownFileType = sourcecode.swift; path = IAPHelper.swift; sourceTree = "<group>"; };
		9486CC8224CA6643008B94E2 /* PremiumView.swift */ = {isa = PBXFileReference; lastKnownFileType = sourcecode.swift; path = PremiumView.swift; sourceTree = "<group>"; };
		948BCDFB245E7F4E00ED10A2 /* AboutDialougView.swift */ = {isa = PBXFileReference; lastKnownFileType = sourcecode.swift; path = AboutDialougView.swift; sourceTree = "<group>"; };
		948BCDFD245F0DBB00ED10A2 /* AddToShoppingListSheet.swift */ = {isa = PBXFileReference; lastKnownFileType = sourcecode.swift; path = AddToShoppingListSheet.swift; sourceTree = "<group>"; };
		9494314A24C4CFBB005EA24A /* AddFoodItemsListView.swift */ = {isa = PBXFileReference; lastKnownFileType = sourcecode.swift; path = AddFoodItemsListView.swift; sourceTree = "<group>"; };
		9494314C24C4D15B005EA24A /* AddAnyFoodItemsSheet.swift */ = {isa = PBXFileReference; lastKnownFileType = sourcecode.swift; path = AddAnyFoodItemsSheet.swift; sourceTree = "<group>"; };
		94A2C7AC247EDC1D003DC68B /* EditFoodItemPopUpView.swift */ = {isa = PBXFileReference; lastKnownFileType = sourcecode.swift; path = EditFoodItemPopUpView.swift; sourceTree = "<group>"; };
		94A2C7AE247F06E8003DC68B /* MoveShoppingItemToStorageSheet.swift */ = {isa = PBXFileReference; lastKnownFileType = sourcecode.swift; path = MoveShoppingItemToStorageSheet.swift; sourceTree = "<group>"; };
		94D7C79B24A3FD3500B6E2C5 /* AdSupport.framework */ = {isa = PBXFileReference; lastKnownFileType = wrapper.framework; name = AdSupport.framework; path = System/Library/Frameworks/AdSupport.framework; sourceTree = SDKROOT; };
		94DABA0C2472EDC3003CFCF1 /* ExamineRecieptView.swift */ = {isa = PBXFileReference; lastKnownFileType = sourcecode.swift; path = ExamineRecieptView.swift; sourceTree = "<group>"; };
		94EE905224BFAD5B000C2FC2 /* DailyGoalCell.swift */ = {isa = PBXFileReference; lastKnownFileType = sourcecode.swift; path = DailyGoalCell.swift; sourceTree = "<group>"; };
		ACAD8F1CD146A75D064E861E /* Pods-Refrigerator-RefrigeratorUITests.release.xcconfig */ = {isa = PBXFileReference; includeInIndex = 1; lastKnownFileType = text.xcconfig; name = "Pods-Refrigerator-RefrigeratorUITests.release.xcconfig"; path = "Target Support Files/Pods-Refrigerator-RefrigeratorUITests/Pods-Refrigerator-RefrigeratorUITests.release.xcconfig"; sourceTree = "<group>"; };
		D3430B2FF85E6460D942D0F9 /* Pods-RefrigeratorTests.debug.xcconfig */ = {isa = PBXFileReference; includeInIndex = 1; lastKnownFileType = text.xcconfig; name = "Pods-RefrigeratorTests.debug.xcconfig"; path = "Target Support Files/Pods-RefrigeratorTests/Pods-RefrigeratorTests.debug.xcconfig"; sourceTree = "<group>"; };
/* End PBXFileReference section */

/* Begin PBXFrameworksBuildPhase section */
		94598D0A2458E22700456333 /* Frameworks */ = {
			isa = PBXFrameworksBuildPhase;
			buildActionMask = 2147483647;
			files = (
				94311E0024C3BF3600F8671B /* CloudKit.framework in Frameworks */,
				6BC3E3E935E6A2F9201172EA /* Pods_Refrigerator.framework in Frameworks */,
				94D7C79C24A3FD3500B6E2C5 /* AdSupport.framework in Frameworks */,
				9467D07024D061000058B89F /* StoreKit.framework in Frameworks */,
			);
			runOnlyForDeploymentPostprocessing = 0;
		};
		94598D232458E23100456333 /* Frameworks */ = {
			isa = PBXFrameworksBuildPhase;
			buildActionMask = 2147483647;
			files = (
				301289F3775FA76A077D8D3E /* Pods_RefrigeratorTests.framework in Frameworks */,
			);
			runOnlyForDeploymentPostprocessing = 0;
		};
		94598D2E2458E23100456333 /* Frameworks */ = {
			isa = PBXFrameworksBuildPhase;
			buildActionMask = 2147483647;
			files = (
				498E6863E409DC5A997811A5 /* Pods_Refrigerator_RefrigeratorUITests.framework in Frameworks */,
			);
			runOnlyForDeploymentPostprocessing = 0;
		};
/* End PBXFrameworksBuildPhase section */

/* Begin PBXGroup section */
		573CE28C0F4EBBEC0CD09FEC /* Frameworks */ = {
			isa = PBXGroup;
			children = (
				9467D06F24D061000058B89F /* StoreKit.framework */,
				94311DFF24C3BF3600F8671B /* CloudKit.framework */,
				94D7C79B24A3FD3500B6E2C5 /* AdSupport.framework */,
				80C4032977C3A5BFB255F727 /* Pods_Refrigerator.framework */,
				1677FF8B1FF5DE65F960D0BF /* Pods_Refrigerator_RefrigeratorUITests.framework */,
				08456528A27BC24789159CAB /* Pods_RefrigeratorTests.framework */,
			);
			name = Frameworks;
			sourceTree = "<group>";
		};
		940F7F3B24C21DE9006076AA /* Food Planner */ = {
			isa = PBXGroup;
			children = (
				940F7F3C24C21DFE006076AA /* MealCell.swift */,
				940F7F4424C23925006076AA /* AddFoodItemToPlannerSheet.swift */,
				94311DF324C387AB00F8671B /* EditCustomMealSheet.swift */,
				940F7F3E24C23204006076AA /* FoodPlannerCellView.swift */,
				940F7F4A24C25FE9006076AA /* StorageCellFoodPlannerSelection.swift */,
				940F7F4C24C279E7006076AA /* FoodItemCellFoodPlannerSelection.swift */,
			);
			path = "Food Planner";
			sourceTree = "<group>";
		};
		9444E65224673145006B6215 /* CoreData */ = {
			isa = PBXGroup;
			children = (
				8C2AAFF724F9D5DC009AF53F /* FoodPlanner+CoreDataClass.swift */,
				8C2AAFF924F9D5DC009AF53F /* FoodPlanner+CoreDataProperties.swift */,
				8C2AAFF824F9D5DC009AF53F /* FoodPlannerMeal+CoreDataClass.swift */,
				8C2AAFFC24F9D5DD009AF53F /* FoodPlannerMeal+CoreDataProperties.swift */,
				8C2AAFFA24F9D5DC009AF53F /* MealItem+CoreDataClass.swift */,
				8C2AAFFB24F9D5DD009AF53F /* MealItem+CoreDataProperties.swift */,
				9482EE2C2479A5B400704674 /* ShoppingList+CoreDataClass.swift */,
				9482EE2D2479A5B400704674 /* ShoppingList+CoreDataProperties.swift */,
				9444E64A24673137006B6215 /* StorageLocation+CoreDataClass.swift */,
				9444E64B24673137006B6215 /* StorageLocation+CoreDataProperties.swift */,
				9444E64C24673137006B6215 /* FoodItem+CoreDataClass.swift */,
				9444E64D24673137006B6215 /* FoodItem+CoreDataProperties.swift */,
			);
			path = CoreData;
			sourceTree = "<group>";
		};
		94598D042458E22700456333 = {
			isa = PBXGroup;
			children = (
				94598D0F2458E22700456333 /* Refrigerator */,
				94598D292458E23100456333 /* RefrigeratorTests */,
				94598D342458E23100456333 /* RefrigeratorUITests */,
				94598D0E2458E22700456333 /* Products */,
				F1CF844E49E6B9489E315489 /* Pods */,
				573CE28C0F4EBBEC0CD09FEC /* Frameworks */,
			);
			sourceTree = "<group>";
		};
		94598D0E2458E22700456333 /* Products */ = {
			isa = PBXGroup;
			children = (
				94598D0D2458E22700456333 /* Refrigerators.app */,
				94598D262458E23100456333 /* RefrigeratorTests.xctest */,
				94598D312458E23100456333 /* RefrigeratorUITests.xctest */,
			);
			name = Products;
			sourceTree = "<group>";
		};
		94598D0F2458E22700456333 /* Refrigerator */ = {
			isa = PBXGroup;
			children = (
				943FA83B249C595100BE3A9F /* Refrigerator.entitlements */,
				94311DF924C3A95A00F8671B /* SF-Pro-Display-Bold.otf */,
				94311DFA24C3A95C00F8671B /* SF-Pro-Display-Thin.otf */,
				94311DFD24C3AB0600F8671B /* SF-Compact-Text-Thin.otf */,
				940F7F4824C2445B006076AA /* SF-Compact-Display-Regular.otf */,
				940F7F4624C24432006076AA /* SFProDisplayRegular.otf */,
				946A6D21245E0A15006845CC /* System Delegates */,
				9444E65224673145006B6215 /* CoreData */,
				946A6D22245E0A1C006845CC /* Views */,
				946A6D23245E0A22006845CC /* SupportingViews */,
				946A6D24245E0A2E006845CC /* Models and ViewModels */,
				94EA3D37245B5D03001FCB5A /* LaunchViews */,
				94598D192458E23000456333 /* Assets.xcassets */,
				94598D1E2458E23000456333 /* LaunchScreen.storyboard */,
				8C2AB00324F9E7C9009AF53F /* GoogleService-Info.plist */,
				94598D212458E23000456333 /* Info.plist */,
				94598D142458E22700456333 /* Refrigerator.xcdatamodeld */,
				94598D1B2458E23000456333 /* Preview Content */,
			);
			path = Refrigerator;
			sourceTree = "<group>";
		};
		94598D1B2458E23000456333 /* Preview Content */ = {
			isa = PBXGroup;
			children = (
				94598D1C2458E23000456333 /* Preview Assets.xcassets */,
			);
			path = "Preview Content";
			sourceTree = "<group>";
		};
		94598D292458E23100456333 /* RefrigeratorTests */ = {
			isa = PBXGroup;
			children = (
				94598D2A2458E23100456333 /* RefrigeratorTests.swift */,
				94598D2C2458E23100456333 /* Info.plist */,
			);
			path = RefrigeratorTests;
			sourceTree = "<group>";
		};
		94598D342458E23100456333 /* RefrigeratorUITests */ = {
			isa = PBXGroup;
			children = (
				94598D352458E23100456333 /* RefrigeratorUITests.swift */,
				94598D372458E23100456333 /* Info.plist */,
			);
			path = RefrigeratorUITests;
			sourceTree = "<group>";
		};
		946A6D21245E0A15006845CC /* System Delegates */ = {
			isa = PBXGroup;
			children = (
				94598D102458E22700456333 /* AppDelegate.swift */,
				94598D122458E22700456333 /* SceneDelegate.swift */,
			);
			path = "System Delegates";
			sourceTree = "<group>";
		};
		946A6D22245E0A1C006845CC /* Views */ = {
			isa = PBXGroup;
			children = (
				948BCDFB245E7F4E00ED10A2 /* AboutDialougView.swift */,
				946A6D0F245E09DF006845CC /* HomeView.swift */,
				946D065C24C796B7006D74EC /* IpadSidebarView.swift */,
				946A6D0E245E09DF006845CC /* SettingsView.swift */,
				946A6D0D245E09DF006845CC /* TabBarView.swift */,
				9473C70E24C12FC1008BB219 /* FoodPlannerView.swift */,
				946A6D10245E09E0006845CC /* SeeMoreView.swift */,
				9486CC8224CA6643008B94E2 /* PremiumView.swift */,
				946A6D0B245E09DF006845CC /* RefrigeratorView.swift */,
				9470A49F2461F107006CBC6F /* IndivisualRefrigeratorView.swift */,
			);
			path = Views;
			sourceTree = "<group>";
		};
		946A6D23245E0A22006845CC /* SupportingViews */ = {
			isa = PBXGroup;
			children = (
				940F7F3B24C21DE9006076AA /* Food Planner */,
				94EE905424BFAD69000C2FC2 /* Home */,
				94EE905624BFADC2000C2FC2 /* Storage */,
				94EE905524BFAD93000C2FC2 /* Food Items */,
			);
			path = SupportingViews;
			sourceTree = "<group>";
		};
		946A6D24245E0A2E006845CC /* Models and ViewModels */ = {
			isa = PBXGroup;
			children = (
				9486CC8024CA6469008B94E2 /* IAPHelper.swift */,
				946A6D0C245E09DF006845CC /* Models.swift */,
				946A6D14245E09E0006845CC /* RefrigeratorViewModel.swift */,
			);
			path = "Models and ViewModels";
			sourceTree = "<group>";
		};
		94EA3D37245B5D03001FCB5A /* LaunchViews */ = {
			isa = PBXGroup;
			children = (
				946C5692245A1D75007C2986 /* LaunchView1.swift */,
				946C5694245A20D3007C2986 /* LaunchView3.swift */,
				946C5696245A20E2007C2986 /* LaunchView4.swift */,
				946C569A245A2104007C2986 /* LaunchView5.swift */,
			);
			path = LaunchViews;
			sourceTree = "<group>";
		};
		94EE905424BFAD69000C2FC2 /* Home */ = {
			isa = PBXGroup;
			children = (
				948BCDFD245F0DBB00ED10A2 /* AddToShoppingListSheet.swift */,
				94EE905224BFAD5B000C2FC2 /* DailyGoalCell.swift */,
				9473C70824C0DC91008BB219 /* StreakCell.swift */,
				946A6D13245E09E0006845CC /* FunFactCell.swift */,
				946A6D12245E09E0006845CC /* ShoppingListCell.swift */,
				94A2C7AE247F06E8003DC68B /* MoveShoppingItemToStorageSheet.swift */,
			);
			name = Home;
			path = ../..;
			sourceTree = "<group>";
		};
		94EE905524BFAD93000C2FC2 /* Food Items */ = {
			isa = PBXGroup;
			children = (
				94DABA0C2472EDC3003CFCF1 /* ExamineRecieptView.swift */,
				9470A4A12461F649006CBC6F /* AddFoodItemSheet.swift */,
				94A2C7AC247EDC1D003DC68B /* EditFoodItemPopUpView.swift */,
				9494314A24C4CFBB005EA24A /* AddFoodItemsListView.swift */,
				9494314C24C4D15B005EA24A /* AddAnyFoodItemsSheet.swift */,
				946A6D11245E09E0006845CC /* RefrigeratorItemCell.swift */,
				9482EE2A2476FF8800704674 /* detectItemCell.swift */,
			);
			path = "Food Items";
			sourceTree = "<group>";
		};
		94EE905624BFADC2000C2FC2 /* Storage */ = {
			isa = PBXGroup;
			children = (
				9481FA2F2460B24B00633558 /* StorageLocationCell.swift */,
				9470A49D2461E508006CBC6F /* AddToStorageItemSheet.swift */,
			);
			path = Storage;
			sourceTree = "<group>";
		};
		F1CF844E49E6B9489E315489 /* Pods */ = {
			isa = PBXGroup;
			children = (
				6C00A053BC1E1639FF81097D /* Pods-Refrigerator.debug.xcconfig */,
				655DA9AEEAFC739133835D2E /* Pods-Refrigerator.release.xcconfig */,
				833829F48B674F6F239BA209 /* Pods-Refrigerator-RefrigeratorUITests.debug.xcconfig */,
				ACAD8F1CD146A75D064E861E /* Pods-Refrigerator-RefrigeratorUITests.release.xcconfig */,
				D3430B2FF85E6460D942D0F9 /* Pods-RefrigeratorTests.debug.xcconfig */,
				2FF831B6D8ECE6604666C82E /* Pods-RefrigeratorTests.release.xcconfig */,
			);
			path = Pods;
			sourceTree = "<group>";
		};
/* End PBXGroup section */

/* Begin PBXNativeTarget section */
		94598D0C2458E22700456333 /* Refrigerator */ = {
			isa = PBXNativeTarget;
			buildConfigurationList = 94598D3A2458E23100456333 /* Build configuration list for PBXNativeTarget "Refrigerator" */;
			buildPhases = (
				C5AB65F00F6548583A32F036 /* [CP] Check Pods Manifest.lock */,
				94598D092458E22700456333 /* Sources */,
				94598D0A2458E22700456333 /* Frameworks */,
				94598D0B2458E22700456333 /* Resources */,
				4EEDD15764BCD731427229F9 /* [CP] Embed Pods Frameworks */,
			);
			buildRules = (
			);
			dependencies = (
			);
			name = Refrigerator;
			productName = Refrigerator;
			productReference = 94598D0D2458E22700456333 /* Refrigerators.app */;
			productType = "com.apple.product-type.application";
		};
		94598D252458E23100456333 /* RefrigeratorTests */ = {
			isa = PBXNativeTarget;
			buildConfigurationList = 94598D3D2458E23100456333 /* Build configuration list for PBXNativeTarget "RefrigeratorTests" */;
			buildPhases = (
				5BA6D978D411A9E0CB64E78B /* [CP] Check Pods Manifest.lock */,
				94598D222458E23100456333 /* Sources */,
				94598D232458E23100456333 /* Frameworks */,
				94598D242458E23100456333 /* Resources */,
			);
			buildRules = (
			);
			dependencies = (
				94598D282458E23100456333 /* PBXTargetDependency */,
			);
			name = RefrigeratorTests;
			productName = RefrigeratorTests;
			productReference = 94598D262458E23100456333 /* RefrigeratorTests.xctest */;
			productType = "com.apple.product-type.bundle.unit-test";
		};
		94598D302458E23100456333 /* RefrigeratorUITests */ = {
			isa = PBXNativeTarget;
			buildConfigurationList = 94598D402458E23100456333 /* Build configuration list for PBXNativeTarget "RefrigeratorUITests" */;
			buildPhases = (
				6162330840627CB11017A432 /* [CP] Check Pods Manifest.lock */,
				94598D2D2458E23100456333 /* Sources */,
				94598D2E2458E23100456333 /* Frameworks */,
				94598D2F2458E23100456333 /* Resources */,
				760F3A502E035A59BF1E63E9 /* [CP] Embed Pods Frameworks */,
			);
			buildRules = (
			);
			dependencies = (
				94598D332458E23100456333 /* PBXTargetDependency */,
			);
			name = RefrigeratorUITests;
			productName = RefrigeratorUITests;
			productReference = 94598D312458E23100456333 /* RefrigeratorUITests.xctest */;
			productType = "com.apple.product-type.bundle.ui-testing";
		};
/* End PBXNativeTarget section */

/* Begin PBXProject section */
		94598D052458E22700456333 /* Project object */ = {
			isa = PBXProject;
			attributes = {
				LastSwiftUpdateCheck = 1140;
				LastUpgradeCheck = 1140;
				ORGANIZATIONNAME = "Ryan Du";
				TargetAttributes = {
					94598D0C2458E22700456333 = {
						CreatedOnToolsVersion = 11.4;
					};
					94598D252458E23100456333 = {
						CreatedOnToolsVersion = 11.4;
						TestTargetID = 94598D0C2458E22700456333;
					};
					94598D302458E23100456333 = {
						CreatedOnToolsVersion = 11.4;
						TestTargetID = 94598D0C2458E22700456333;
					};
				};
			};
			buildConfigurationList = 94598D082458E22700456333 /* Build configuration list for PBXProject "Refrigerator" */;
			compatibilityVersion = "Xcode 9.3";
			developmentRegion = en;
			hasScannedForEncodings = 0;
			knownRegions = (
				en,
				Base,
			);
			mainGroup = 94598D042458E22700456333;
			packageReferences = (
				9482EE32247B077000704674 /* XCRemoteSwiftPackageReference "ChartView" */,
			);
			productRefGroup = 94598D0E2458E22700456333 /* Products */;
			projectDirPath = "";
			projectRoot = "";
			targets = (
				94598D0C2458E22700456333 /* Refrigerator */,
				94598D252458E23100456333 /* RefrigeratorTests */,
				94598D302458E23100456333 /* RefrigeratorUITests */,
			);
		};
/* End PBXProject section */

/* Begin PBXResourcesBuildPhase section */
		94598D0B2458E22700456333 /* Resources */ = {
			isa = PBXResourcesBuildPhase;
			buildActionMask = 2147483647;
			files = (
				94311DFE24C3AB0D00F8671B /* SF-Compact-Text-Thin.otf in Resources */,
				94311DFC24C3A9C900F8671B /* SF-Pro-Display-Thin.otf in Resources */,
				8C2AB00424F9E7C9009AF53F /* GoogleService-Info.plist in Resources */,
				94311DFB24C3A9C500F8671B /* SF-Pro-Display-Bold.otf in Resources */,
				94311DF724C3A85D00F8671B /* SF-Compact-Display-Regular.otf in Resources */,
				94598D202458E23000456333 /* LaunchScreen.storyboard in Resources */,
				94311DF824C3A85D00F8671B /* SFProDisplayRegular.otf in Resources */,
				94598D1D2458E23000456333 /* Preview Assets.xcassets in Resources */,
				94598D1A2458E23000456333 /* Assets.xcassets in Resources */,
			);
			runOnlyForDeploymentPostprocessing = 0;
		};
		94598D242458E23100456333 /* Resources */ = {
			isa = PBXResourcesBuildPhase;
			buildActionMask = 2147483647;
			files = (
			);
			runOnlyForDeploymentPostprocessing = 0;
		};
		94598D2F2458E23100456333 /* Resources */ = {
			isa = PBXResourcesBuildPhase;
			buildActionMask = 2147483647;
			files = (
			);
			runOnlyForDeploymentPostprocessing = 0;
		};
/* End PBXResourcesBuildPhase section */

/* Begin PBXShellScriptBuildPhase section */
		4EEDD15764BCD731427229F9 /* [CP] Embed Pods Frameworks */ = {
			isa = PBXShellScriptBuildPhase;
			buildActionMask = 2147483647;
			files = (
			);
			inputFileListPaths = (
				"${PODS_ROOT}/Target Support Files/Pods-Refrigerator/Pods-Refrigerator-frameworks-${CONFIGURATION}-input-files.xcfilelist",
			);
			name = "[CP] Embed Pods Frameworks";
			outputFileListPaths = (
				"${PODS_ROOT}/Target Support Files/Pods-Refrigerator/Pods-Refrigerator-frameworks-${CONFIGURATION}-output-files.xcfilelist",
			);
			runOnlyForDeploymentPostprocessing = 0;
			shellPath = /bin/sh;
			shellScript = "\"${PODS_ROOT}/Target Support Files/Pods-Refrigerator/Pods-Refrigerator-frameworks.sh\"\n";
			showEnvVarsInLog = 0;
		};
		5BA6D978D411A9E0CB64E78B /* [CP] Check Pods Manifest.lock */ = {
			isa = PBXShellScriptBuildPhase;
			buildActionMask = 2147483647;
			files = (
			);
			inputFileListPaths = (
			);
			inputPaths = (
				"${PODS_PODFILE_DIR_PATH}/Podfile.lock",
				"${PODS_ROOT}/Manifest.lock",
			);
			name = "[CP] Check Pods Manifest.lock";
			outputFileListPaths = (
			);
			outputPaths = (
				"$(DERIVED_FILE_DIR)/Pods-RefrigeratorTests-checkManifestLockResult.txt",
			);
			runOnlyForDeploymentPostprocessing = 0;
			shellPath = /bin/sh;
			shellScript = "diff \"${PODS_PODFILE_DIR_PATH}/Podfile.lock\" \"${PODS_ROOT}/Manifest.lock\" > /dev/null\nif [ $? != 0 ] ; then\n    # print error to STDERR\n    echo \"error: The sandbox is not in sync with the Podfile.lock. Run 'pod install' or update your CocoaPods installation.\" >&2\n    exit 1\nfi\n# This output is used by Xcode 'outputs' to avoid re-running this script phase.\necho \"SUCCESS\" > \"${SCRIPT_OUTPUT_FILE_0}\"\n";
			showEnvVarsInLog = 0;
		};
		6162330840627CB11017A432 /* [CP] Check Pods Manifest.lock */ = {
			isa = PBXShellScriptBuildPhase;
			buildActionMask = 2147483647;
			files = (
			);
			inputFileListPaths = (
			);
			inputPaths = (
				"${PODS_PODFILE_DIR_PATH}/Podfile.lock",
				"${PODS_ROOT}/Manifest.lock",
			);
			name = "[CP] Check Pods Manifest.lock";
			outputFileListPaths = (
			);
			outputPaths = (
				"$(DERIVED_FILE_DIR)/Pods-Refrigerator-RefrigeratorUITests-checkManifestLockResult.txt",
			);
			runOnlyForDeploymentPostprocessing = 0;
			shellPath = /bin/sh;
			shellScript = "diff \"${PODS_PODFILE_DIR_PATH}/Podfile.lock\" \"${PODS_ROOT}/Manifest.lock\" > /dev/null\nif [ $? != 0 ] ; then\n    # print error to STDERR\n    echo \"error: The sandbox is not in sync with the Podfile.lock. Run 'pod install' or update your CocoaPods installation.\" >&2\n    exit 1\nfi\n# This output is used by Xcode 'outputs' to avoid re-running this script phase.\necho \"SUCCESS\" > \"${SCRIPT_OUTPUT_FILE_0}\"\n";
			showEnvVarsInLog = 0;
		};
		760F3A502E035A59BF1E63E9 /* [CP] Embed Pods Frameworks */ = {
			isa = PBXShellScriptBuildPhase;
			buildActionMask = 2147483647;
			files = (
			);
			inputFileListPaths = (
				"${PODS_ROOT}/Target Support Files/Pods-Refrigerator-RefrigeratorUITests/Pods-Refrigerator-RefrigeratorUITests-frameworks-${CONFIGURATION}-input-files.xcfilelist",
			);
			name = "[CP] Embed Pods Frameworks";
			outputFileListPaths = (
				"${PODS_ROOT}/Target Support Files/Pods-Refrigerator-RefrigeratorUITests/Pods-Refrigerator-RefrigeratorUITests-frameworks-${CONFIGURATION}-output-files.xcfilelist",
			);
			runOnlyForDeploymentPostprocessing = 0;
			shellPath = /bin/sh;
			shellScript = "\"${PODS_ROOT}/Target Support Files/Pods-Refrigerator-RefrigeratorUITests/Pods-Refrigerator-RefrigeratorUITests-frameworks.sh\"\n";
			showEnvVarsInLog = 0;
		};
		C5AB65F00F6548583A32F036 /* [CP] Check Pods Manifest.lock */ = {
			isa = PBXShellScriptBuildPhase;
			buildActionMask = 2147483647;
			files = (
			);
			inputFileListPaths = (
			);
			inputPaths = (
				"${PODS_PODFILE_DIR_PATH}/Podfile.lock",
				"${PODS_ROOT}/Manifest.lock",
			);
			name = "[CP] Check Pods Manifest.lock";
			outputFileListPaths = (
			);
			outputPaths = (
				"$(DERIVED_FILE_DIR)/Pods-Refrigerator-checkManifestLockResult.txt",
			);
			runOnlyForDeploymentPostprocessing = 0;
			shellPath = /bin/sh;
			shellScript = "diff \"${PODS_PODFILE_DIR_PATH}/Podfile.lock\" \"${PODS_ROOT}/Manifest.lock\" > /dev/null\nif [ $? != 0 ] ; then\n    # print error to STDERR\n    echo \"error: The sandbox is not in sync with the Podfile.lock. Run 'pod install' or update your CocoaPods installation.\" >&2\n    exit 1\nfi\n# This output is used by Xcode 'outputs' to avoid re-running this script phase.\necho \"SUCCESS\" > \"${SCRIPT_OUTPUT_FILE_0}\"\n";
			showEnvVarsInLog = 0;
		};
/* End PBXShellScriptBuildPhase section */

/* Begin PBXSourcesBuildPhase section */
		94598D092458E22700456333 /* Sources */ = {
			isa = PBXSourcesBuildPhase;
			buildActionMask = 2147483647;
			files = (
				9481FA302460B24B00633558 /* StorageLocationCell.swift in Sources */,
				9486CC8324CA6643008B94E2 /* PremiumView.swift in Sources */,
				948BCDFC245E7F4E00ED10A2 /* AboutDialougView.swift in Sources */,
				94A2C7AD247EDC1D003DC68B /* EditFoodItemPopUpView.swift in Sources */,
				94598D112458E22700456333 /* AppDelegate.swift in Sources */,
				9494314D24C4D15B005EA24A /* AddAnyFoodItemsSheet.swift in Sources */,
				946A6D1B245E09E0006845CC /* RefrigeratorItemCell.swift in Sources */,
				9444E64E24673137006B6215 /* StorageLocation+CoreDataClass.swift in Sources */,
				8C2AAFFD24F9D5DD009AF53F /* FoodPlanner+CoreDataClass.swift in Sources */,
				8C2AB00124F9D5DD009AF53F /* MealItem+CoreDataProperties.swift in Sources */,
				8C2AB00024F9D5DD009AF53F /* MealItem+CoreDataClass.swift in Sources */,
				946A6D17245E09E0006845CC /* TabBarView.swift in Sources */,
				9482EE2E2479A5B400704674 /* ShoppingList+CoreDataClass.swift in Sources */,
				946A6D19245E09E0006845CC /* HomeView.swift in Sources */,
				946C569B245A2104007C2986 /* LaunchView5.swift in Sources */,
				946A6D1C245E09E0006845CC /* ShoppingListCell.swift in Sources */,
				946D065D24C796B7006D74EC /* IpadSidebarView.swift in Sources */,
				9473C70F24C12FC1008BB219 /* FoodPlannerView.swift in Sources */,
				94311DF424C387AB00F8671B /* EditCustomMealSheet.swift in Sources */,
				946C5697245A20E2007C2986 /* LaunchView4.swift in Sources */,
				94EE905324BFAD5B000C2FC2 /* DailyGoalCell.swift in Sources */,
				94598D162458E22700456333 /* Refrigerator.xcdatamodeld in Sources */,
				940F7F4B24C25FE9006076AA /* StorageCellFoodPlannerSelection.swift in Sources */,
				9473C70924C0DC91008BB219 /* StreakCell.swift in Sources */,
				946A6D18245E09E0006845CC /* SettingsView.swift in Sources */,
				9486CC8124CA646A008B94E2 /* IAPHelper.swift in Sources */,
				9494314B24C4CFBC005EA24A /* AddFoodItemsListView.swift in Sources */,
				8C2AAFFE24F9D5DD009AF53F /* FoodPlannerMeal+CoreDataClass.swift in Sources */,
				946C5693245A1D75007C2986 /* LaunchView1.swift in Sources */,
				8C2AB00224F9D5DD009AF53F /* FoodPlannerMeal+CoreDataProperties.swift in Sources */,
				9470A4A02461F107006CBC6F /* IndivisualRefrigeratorView.swift in Sources */,
				946A6D1E245E09E0006845CC /* RefrigeratorViewModel.swift in Sources */,
				940F7F3D24C21DFE006076AA /* MealCell.swift in Sources */,
				946C5695245A20D3007C2986 /* LaunchView3.swift in Sources */,
				940F7F4524C23925006076AA /* AddFoodItemToPlannerSheet.swift in Sources */,
				9482EE2B2476FF8800704674 /* detectItemCell.swift in Sources */,
				9444E65124673137006B6215 /* FoodItem+CoreDataProperties.swift in Sources */,
				9482EE2F2479A5B400704674 /* ShoppingList+CoreDataProperties.swift in Sources */,
				9470A4A22461F649006CBC6F /* AddFoodItemSheet.swift in Sources */,
				940F7F3F24C23204006076AA /* FoodPlannerCellView.swift in Sources */,
				9444E65024673137006B6215 /* FoodItem+CoreDataClass.swift in Sources */,
				946A6D15245E09E0006845CC /* RefrigeratorView.swift in Sources */,
				940F7F4D24C279E7006076AA /* FoodItemCellFoodPlannerSelection.swift in Sources */,
				94DABA0D2472EDC3003CFCF1 /* ExamineRecieptView.swift in Sources */,
				946A6D1A245E09E0006845CC /* SeeMoreView.swift in Sources */,
				946A6D1D245E09E0006845CC /* FunFactCell.swift in Sources */,
				94598D132458E22700456333 /* SceneDelegate.swift in Sources */,
				94A2C7AF247F06E8003DC68B /* MoveShoppingItemToStorageSheet.swift in Sources */,
				9444E64F24673137006B6215 /* StorageLocation+CoreDataProperties.swift in Sources */,
				8C2AAFFF24F9D5DD009AF53F /* FoodPlanner+CoreDataProperties.swift in Sources */,
				948BCDFE245F0DBB00ED10A2 /* AddToShoppingListSheet.swift in Sources */,
				9470A49E2461E508006CBC6F /* AddToStorageItemSheet.swift in Sources */,
				946A6D16245E09E0006845CC /* Models.swift in Sources */,
			);
			runOnlyForDeploymentPostprocessing = 0;
		};
		94598D222458E23100456333 /* Sources */ = {
			isa = PBXSourcesBuildPhase;
			buildActionMask = 2147483647;
			files = (
				94598D2B2458E23100456333 /* RefrigeratorTests.swift in Sources */,
			);
			runOnlyForDeploymentPostprocessing = 0;
		};
		94598D2D2458E23100456333 /* Sources */ = {
			isa = PBXSourcesBuildPhase;
			buildActionMask = 2147483647;
			files = (
				94598D362458E23100456333 /* RefrigeratorUITests.swift in Sources */,
			);
			runOnlyForDeploymentPostprocessing = 0;
		};
/* End PBXSourcesBuildPhase section */

/* Begin PBXTargetDependency section */
		94598D282458E23100456333 /* PBXTargetDependency */ = {
			isa = PBXTargetDependency;
			target = 94598D0C2458E22700456333 /* Refrigerator */;
			targetProxy = 94598D272458E23100456333 /* PBXContainerItemProxy */;
		};
		94598D332458E23100456333 /* PBXTargetDependency */ = {
			isa = PBXTargetDependency;
			target = 94598D0C2458E22700456333 /* Refrigerator */;
			targetProxy = 94598D322458E23100456333 /* PBXContainerItemProxy */;
		};
/* End PBXTargetDependency section */

/* Begin PBXVariantGroup section */
		94598D1E2458E23000456333 /* LaunchScreen.storyboard */ = {
			isa = PBXVariantGroup;
			children = (
				94598D1F2458E23000456333 /* Base */,
			);
			name = LaunchScreen.storyboard;
			sourceTree = "<group>";
		};
/* End PBXVariantGroup section */

/* Begin XCBuildConfiguration section */
		94598D382458E23100456333 /* Debug */ = {
			isa = XCBuildConfiguration;
			buildSettings = {
				ALWAYS_SEARCH_USER_PATHS = NO;
				CLANG_ANALYZER_NONNULL = YES;
				CLANG_ANALYZER_NUMBER_OBJECT_CONVERSION = YES_AGGRESSIVE;
				CLANG_CXX_LANGUAGE_STANDARD = "gnu++14";
				CLANG_CXX_LIBRARY = "libc++";
				CLANG_ENABLE_MODULES = YES;
				CLANG_ENABLE_OBJC_ARC = YES;
				CLANG_ENABLE_OBJC_WEAK = YES;
				CLANG_WARN_BLOCK_CAPTURE_AUTORELEASING = YES;
				CLANG_WARN_BOOL_CONVERSION = YES;
				CLANG_WARN_COMMA = YES;
				CLANG_WARN_CONSTANT_CONVERSION = YES;
				CLANG_WARN_DEPRECATED_OBJC_IMPLEMENTATIONS = YES;
				CLANG_WARN_DIRECT_OBJC_ISA_USAGE = YES_ERROR;
				CLANG_WARN_DOCUMENTATION_COMMENTS = YES;
				CLANG_WARN_EMPTY_BODY = YES;
				CLANG_WARN_ENUM_CONVERSION = YES;
				CLANG_WARN_INFINITE_RECURSION = YES;
				CLANG_WARN_INT_CONVERSION = YES;
				CLANG_WARN_NON_LITERAL_NULL_CONVERSION = YES;
				CLANG_WARN_OBJC_IMPLICIT_RETAIN_SELF = YES;
				CLANG_WARN_OBJC_LITERAL_CONVERSION = YES;
				CLANG_WARN_OBJC_ROOT_CLASS = YES_ERROR;
				CLANG_WARN_RANGE_LOOP_ANALYSIS = YES;
				CLANG_WARN_STRICT_PROTOTYPES = YES;
				CLANG_WARN_SUSPICIOUS_MOVE = YES;
				CLANG_WARN_UNGUARDED_AVAILABILITY = YES_AGGRESSIVE;
				CLANG_WARN_UNREACHABLE_CODE = YES;
				CLANG_WARN__DUPLICATE_METHOD_MATCH = YES;
				COPY_PHASE_STRIP = NO;
				DEBUG_INFORMATION_FORMAT = dwarf;
				ENABLE_STRICT_OBJC_MSGSEND = YES;
				ENABLE_TESTABILITY = YES;
				GCC_C_LANGUAGE_STANDARD = gnu11;
				GCC_DYNAMIC_NO_PIC = NO;
				GCC_NO_COMMON_BLOCKS = YES;
				GCC_OPTIMIZATION_LEVEL = 0;
				GCC_PREPROCESSOR_DEFINITIONS = (
					"DEBUG=1",
					"$(inherited)",
				);
				GCC_WARN_64_TO_32_BIT_CONVERSION = YES;
				GCC_WARN_ABOUT_RETURN_TYPE = YES_ERROR;
				GCC_WARN_UNDECLARED_SELECTOR = YES;
				GCC_WARN_UNINITIALIZED_AUTOS = YES_AGGRESSIVE;
				GCC_WARN_UNUSED_FUNCTION = YES;
				GCC_WARN_UNUSED_VARIABLE = YES;
				IPHONEOS_DEPLOYMENT_TARGET = 13.4;
				MTL_ENABLE_DEBUG_INFO = INCLUDE_SOURCE;
				MTL_FAST_MATH = YES;
				ONLY_ACTIVE_ARCH = YES;
				SDKROOT = iphoneos;
				SWIFT_ACTIVE_COMPILATION_CONDITIONS = DEBUG;
				SWIFT_OPTIMIZATION_LEVEL = "-Onone";
			};
			name = Debug;
		};
		94598D392458E23100456333 /* Release */ = {
			isa = XCBuildConfiguration;
			buildSettings = {
				ALWAYS_SEARCH_USER_PATHS = NO;
				CLANG_ANALYZER_NONNULL = YES;
				CLANG_ANALYZER_NUMBER_OBJECT_CONVERSION = YES_AGGRESSIVE;
				CLANG_CXX_LANGUAGE_STANDARD = "gnu++14";
				CLANG_CXX_LIBRARY = "libc++";
				CLANG_ENABLE_MODULES = YES;
				CLANG_ENABLE_OBJC_ARC = YES;
				CLANG_ENABLE_OBJC_WEAK = YES;
				CLANG_WARN_BLOCK_CAPTURE_AUTORELEASING = YES;
				CLANG_WARN_BOOL_CONVERSION = YES;
				CLANG_WARN_COMMA = YES;
				CLANG_WARN_CONSTANT_CONVERSION = YES;
				CLANG_WARN_DEPRECATED_OBJC_IMPLEMENTATIONS = YES;
				CLANG_WARN_DIRECT_OBJC_ISA_USAGE = YES_ERROR;
				CLANG_WARN_DOCUMENTATION_COMMENTS = YES;
				CLANG_WARN_EMPTY_BODY = YES;
				CLANG_WARN_ENUM_CONVERSION = YES;
				CLANG_WARN_INFINITE_RECURSION = YES;
				CLANG_WARN_INT_CONVERSION = YES;
				CLANG_WARN_NON_LITERAL_NULL_CONVERSION = YES;
				CLANG_WARN_OBJC_IMPLICIT_RETAIN_SELF = YES;
				CLANG_WARN_OBJC_LITERAL_CONVERSION = YES;
				CLANG_WARN_OBJC_ROOT_CLASS = YES_ERROR;
				CLANG_WARN_RANGE_LOOP_ANALYSIS = YES;
				CLANG_WARN_STRICT_PROTOTYPES = YES;
				CLANG_WARN_SUSPICIOUS_MOVE = YES;
				CLANG_WARN_UNGUARDED_AVAILABILITY = YES_AGGRESSIVE;
				CLANG_WARN_UNREACHABLE_CODE = YES;
				CLANG_WARN__DUPLICATE_METHOD_MATCH = YES;
				COPY_PHASE_STRIP = NO;
				DEBUG_INFORMATION_FORMAT = "dwarf-with-dsym";
				ENABLE_NS_ASSERTIONS = NO;
				ENABLE_STRICT_OBJC_MSGSEND = YES;
				GCC_C_LANGUAGE_STANDARD = gnu11;
				GCC_NO_COMMON_BLOCKS = YES;
				GCC_WARN_64_TO_32_BIT_CONVERSION = YES;
				GCC_WARN_ABOUT_RETURN_TYPE = YES_ERROR;
				GCC_WARN_UNDECLARED_SELECTOR = YES;
				GCC_WARN_UNINITIALIZED_AUTOS = YES_AGGRESSIVE;
				GCC_WARN_UNUSED_FUNCTION = YES;
				GCC_WARN_UNUSED_VARIABLE = YES;
				IPHONEOS_DEPLOYMENT_TARGET = 13.4;
				MTL_ENABLE_DEBUG_INFO = NO;
				MTL_FAST_MATH = YES;
				SDKROOT = iphoneos;
				SWIFT_COMPILATION_MODE = wholemodule;
				SWIFT_OPTIMIZATION_LEVEL = "-O";
				VALIDATE_PRODUCT = YES;
			};
			name = Release;
		};
		94598D3B2458E23100456333 /* Debug */ = {
			isa = XCBuildConfiguration;
			baseConfigurationReference = 6C00A053BC1E1639FF81097D /* Pods-Refrigerator.debug.xcconfig */;
			buildSettings = {
				ASSETCATALOG_COMPILER_APPICON_NAME = AppIcon;
				CODE_SIGN_ENTITLEMENTS = Refrigerator/Refrigerator.entitlements;
				CODE_SIGN_STYLE = Automatic;
				CURRENT_PROJECT_VERSION = 3;
				DEBUG_INFORMATION_FORMAT = "dwarf-with-dsym";
				DEVELOPMENT_ASSET_PATHS = "\"Refrigerator/Preview Content\"";
				DEVELOPMENT_TEAM = CUA3BVMUR5;
				ENABLE_PREVIEWS = YES;
				INFOPLIST_FILE = Refrigerator/Info.plist;
				IPHONEOS_DEPLOYMENT_TARGET = 13.0;
				LD_RUNPATH_SEARCH_PATHS = (
					"$(inherited)",
					"@executable_path/Frameworks",
				);
				MARKETING_VERSION = 2.2;
				PRODUCT_BUNDLE_IDENTIFIER = com.ryandu.refrigerator;
				PRODUCT_NAME = Refrigerators;
				SWIFT_VERSION = 5.0;
				TARGETED_DEVICE_FAMILY = "1,2";
			};
			name = Debug;
		};
		94598D3C2458E23100456333 /* Release */ = {
			isa = XCBuildConfiguration;
			baseConfigurationReference = 655DA9AEEAFC739133835D2E /* Pods-Refrigerator.release.xcconfig */;
			buildSettings = {
				ASSETCATALOG_COMPILER_APPICON_NAME = AppIcon;
				CODE_SIGN_ENTITLEMENTS = Refrigerator/Refrigerator.entitlements;
				CODE_SIGN_STYLE = Automatic;
				CURRENT_PROJECT_VERSION = 3;
				DEVELOPMENT_ASSET_PATHS = "\"Refrigerator/Preview Content\"";
				DEVELOPMENT_TEAM = CUA3BVMUR5;
				ENABLE_PREVIEWS = YES;
				INFOPLIST_FILE = Refrigerator/Info.plist;
				IPHONEOS_DEPLOYMENT_TARGET = 13.0;
				LD_RUNPATH_SEARCH_PATHS = (
					"$(inherited)",
					"@executable_path/Frameworks",
				);
				MARKETING_VERSION = 2.2;
				PRODUCT_BUNDLE_IDENTIFIER = com.ryandu.refrigerator;
				PRODUCT_NAME = Refrigerators;
				SWIFT_VERSION = 5.0;
				TARGETED_DEVICE_FAMILY = "1,2";
			};
			name = Release;
		};
		94598D3E2458E23100456333 /* Debug */ = {
			isa = XCBuildConfiguration;
			baseConfigurationReference = D3430B2FF85E6460D942D0F9 /* Pods-RefrigeratorTests.debug.xcconfig */;
			buildSettings = {
				ALWAYS_EMBED_SWIFT_STANDARD_LIBRARIES = YES;
				BUNDLE_LOADER = "$(TEST_HOST)";
				CODE_SIGN_STYLE = Automatic;
				DEVELOPMENT_TEAM = 95566VVRBB;
				INFOPLIST_FILE = RefrigeratorTests/Info.plist;
				IPHONEOS_DEPLOYMENT_TARGET = 13.4;
				LD_RUNPATH_SEARCH_PATHS = (
					"$(inherited)",
					"@executable_path/Frameworks",
					"@loader_path/Frameworks",
				);
				PRODUCT_BUNDLE_IDENTIFIER = ryandu.RefrigeratorTests;
				PRODUCT_NAME = "$(TARGET_NAME)";
				SWIFT_VERSION = 5.0;
				TARGETED_DEVICE_FAMILY = "1,2";
				TEST_HOST = "$(BUILT_PRODUCTS_DIR)/Refrigerator.app/Refrigerator";
			};
			name = Debug;
		};
		94598D3F2458E23100456333 /* Release */ = {
			isa = XCBuildConfiguration;
			baseConfigurationReference = 2FF831B6D8ECE6604666C82E /* Pods-RefrigeratorTests.release.xcconfig */;
			buildSettings = {
				ALWAYS_EMBED_SWIFT_STANDARD_LIBRARIES = YES;
				BUNDLE_LOADER = "$(TEST_HOST)";
				CODE_SIGN_STYLE = Automatic;
				DEVELOPMENT_TEAM = 95566VVRBB;
				INFOPLIST_FILE = RefrigeratorTests/Info.plist;
				IPHONEOS_DEPLOYMENT_TARGET = 13.4;
				LD_RUNPATH_SEARCH_PATHS = (
					"$(inherited)",
					"@executable_path/Frameworks",
					"@loader_path/Frameworks",
				);
				PRODUCT_BUNDLE_IDENTIFIER = ryandu.RefrigeratorTests;
				PRODUCT_NAME = "$(TARGET_NAME)";
				SWIFT_VERSION = 5.0;
				TARGETED_DEVICE_FAMILY = "1,2";
				TEST_HOST = "$(BUILT_PRODUCTS_DIR)/Refrigerator.app/Refrigerator";
			};
			name = Release;
		};
		94598D412458E23100456333 /* Debug */ = {
			isa = XCBuildConfiguration;
			baseConfigurationReference = 833829F48B674F6F239BA209 /* Pods-Refrigerator-RefrigeratorUITests.debug.xcconfig */;
			buildSettings = {
				ALWAYS_EMBED_SWIFT_STANDARD_LIBRARIES = YES;
				CODE_SIGN_STYLE = Automatic;
				DEVELOPMENT_TEAM = 95566VVRBB;
				INFOPLIST_FILE = RefrigeratorUITests/Info.plist;
				LD_RUNPATH_SEARCH_PATHS = (
					"$(inherited)",
					"@executable_path/Frameworks",
					"@loader_path/Frameworks",
				);
				PRODUCT_BUNDLE_IDENTIFIER = ryandu.RefrigeratorUITests;
				PRODUCT_NAME = "$(TARGET_NAME)";
				SWIFT_VERSION = 5.0;
				TARGETED_DEVICE_FAMILY = "1,2";
				TEST_TARGET_NAME = Refrigerator;
			};
			name = Debug;
		};
		94598D422458E23100456333 /* Release */ = {
			isa = XCBuildConfiguration;
			baseConfigurationReference = ACAD8F1CD146A75D064E861E /* Pods-Refrigerator-RefrigeratorUITests.release.xcconfig */;
			buildSettings = {
				ALWAYS_EMBED_SWIFT_STANDARD_LIBRARIES = YES;
				CODE_SIGN_STYLE = Automatic;
				DEVELOPMENT_TEAM = 95566VVRBB;
				INFOPLIST_FILE = RefrigeratorUITests/Info.plist;
				LD_RUNPATH_SEARCH_PATHS = (
					"$(inherited)",
					"@executable_path/Frameworks",
					"@loader_path/Frameworks",
				);
				PRODUCT_BUNDLE_IDENTIFIER = ryandu.RefrigeratorUITests;
				PRODUCT_NAME = "$(TARGET_NAME)";
				SWIFT_VERSION = 5.0;
				TARGETED_DEVICE_FAMILY = "1,2";
				TEST_TARGET_NAME = Refrigerator;
			};
			name = Release;
		};
/* End XCBuildConfiguration section */

/* Begin XCConfigurationList section */
		94598D082458E22700456333 /* Build configuration list for PBXProject "Refrigerator" */ = {
			isa = XCConfigurationList;
			buildConfigurations = (
				94598D382458E23100456333 /* Debug */,
				94598D392458E23100456333 /* Release */,
			);
			defaultConfigurationIsVisible = 0;
			defaultConfigurationName = Release;
		};
		94598D3A2458E23100456333 /* Build configuration list for PBXNativeTarget "Refrigerator" */ = {
			isa = XCConfigurationList;
			buildConfigurations = (
				94598D3B2458E23100456333 /* Debug */,
				94598D3C2458E23100456333 /* Release */,
			);
			defaultConfigurationIsVisible = 0;
			defaultConfigurationName = Release;
		};
		94598D3D2458E23100456333 /* Build configuration list for PBXNativeTarget "RefrigeratorTests" */ = {
			isa = XCConfigurationList;
			buildConfigurations = (
				94598D3E2458E23100456333 /* Debug */,
				94598D3F2458E23100456333 /* Release */,
			);
			defaultConfigurationIsVisible = 0;
			defaultConfigurationName = Release;
		};
		94598D402458E23100456333 /* Build configuration list for PBXNativeTarget "RefrigeratorUITests" */ = {
			isa = XCConfigurationList;
			buildConfigurations = (
				94598D412458E23100456333 /* Debug */,
				94598D422458E23100456333 /* Release */,
			);
			defaultConfigurationIsVisible = 0;
			defaultConfigurationName = Release;
		};
/* End XCConfigurationList section */

/* Begin XCRemoteSwiftPackageReference section */
		9482EE32247B077000704674 /* XCRemoteSwiftPackageReference "ChartView" */ = {
			isa = XCRemoteSwiftPackageReference;
			repositoryURL = "https://github.com/AppPear/ChartView";
			requirement = {
				kind = upToNextMajorVersion;
				minimumVersion = 1.5.0;
			};
		};
/* End XCRemoteSwiftPackageReference section */

/* Begin XCVersionGroup section */
		94598D142458E22700456333 /* Refrigerator.xcdatamodeld */ = {
			isa = XCVersionGroup;
			children = (
				94598D152458E22700456333 /* Refrigerator.xcdatamodel */,
			);
			currentVersion = 94598D152458E22700456333 /* Refrigerator.xcdatamodel */;
			path = Refrigerator.xcdatamodeld;
			sourceTree = "<group>";
			versionGroupType = wrapper.xcdatamodel;
		};
/* End XCVersionGroup section */
	};
	rootObject = 94598D052458E22700456333 /* Project object */;
}
